// !$*UTF8*$!
{
	archiveVersion = 1;
	classes = {
	};
	objectVersion = 46;
	objects = {

/* Begin PBXBuildFile section */
		5C3CC9B04BFC3EC4DD82A3D7 /* libPods.a in Frameworks */ = {isa = PBXBuildFile; fileRef = 3F372205CB983B7FB3FD821A /* libPods.a */; };
		E7244A2A1CCCAD7900EE72F5 /* LoginView.m in Sources */ = {isa = PBXBuildFile; fileRef = E7244A291CCCAD7900EE72F5 /* LoginView.m */; };
		E7244A2D1CCCAD9B00EE72F5 /* NewsModel.m in Sources */ = {isa = PBXBuildFile; fileRef = E7244A2C1CCCAD9B00EE72F5 /* NewsModel.m */; };
		E7244A301CCCADB000EE72F5 /* NewsView.m in Sources */ = {isa = PBXBuildFile; fileRef = E7244A2F1CCCADB000EE72F5 /* NewsView.m */; };
		E7244A331CCCADC900EE72F5 /* UserModel.m in Sources */ = {isa = PBXBuildFile; fileRef = E7244A321CCCADC900EE72F5 /* UserModel.m */; };
		E7244A361CCCADD500EE72F5 /* TrainModel.m in Sources */ = {isa = PBXBuildFile; fileRef = E7244A351CCCADD500EE72F5 /* TrainModel.m */; };
		E7244A391CCCADE400EE72F5 /* TrainView.m in Sources */ = {isa = PBXBuildFile; fileRef = E7244A381CCCADE400EE72F5 /* TrainView.m */; };
		E7244A3B1CCCAE1C00EE72F5 /* cancel.png in Resources */ = {isa = PBXBuildFile; fileRef = E7244A3A1CCCAE1C00EE72F5 /* cancel.png */; };
		E772B19E1CC7BE7000C2BB5F /* main.m in Sources */ = {isa = PBXBuildFile; fileRef = E772B19D1CC7BE7000C2BB5F /* main.m */; };
		E772B1A11CC7BE7000C2BB5F /* AppDelegate.m in Sources */ = {isa = PBXBuildFile; fileRef = E772B1A01CC7BE7000C2BB5F /* AppDelegate.m */; };
		E772B1A31CC7BE7000C2BB5F /* Assets.xcassets in Resources */ = {isa = PBXBuildFile; fileRef = E772B1A21CC7BE7000C2BB5F /* Assets.xcassets */; };
		E772B1A61CC7BE7000C2BB5F /* LaunchScreen.storyboard in Resources */ = {isa = PBXBuildFile; fileRef = E772B1A41CC7BE7000C2BB5F /* LaunchScreen.storyboard */; };
		E772B1B11CC7BE7000C2BB5F /* _FatTests.m in Sources */ = {isa = PBXBuildFile; fileRef = E772B1B01CC7BE7000C2BB5F /* _FatTests.m */; };
		E772B1BC1CC7BE7000C2BB5F /* _FatUITests.m in Sources */ = {isa = PBXBuildFile; fileRef = E772B1BB1CC7BE7000C2BB5F /* _FatUITests.m */; };
		E7BBF3AF1CCBCE88008F9A74 /* BaseCollectionViewCell.m in Sources */ = {isa = PBXBuildFile; fileRef = E7BBF3601CCBCE88008F9A74 /* BaseCollectionViewCell.m */; };
		E7BBF3B01CCBCE88008F9A74 /* BaseModel.m in Sources */ = {isa = PBXBuildFile; fileRef = E7BBF3621CCBCE88008F9A74 /* BaseModel.m */; };
		E7BBF3B11CCBCE88008F9A74 /* BaseTableViewCell.m in Sources */ = {isa = PBXBuildFile; fileRef = E7BBF3641CCBCE88008F9A74 /* BaseTableViewCell.m */; };
		E7BBF3B21CCBCE88008F9A74 /* BaseTableViewController.m in Sources */ = {isa = PBXBuildFile; fileRef = E7BBF3661CCBCE88008F9A74 /* BaseTableViewController.m */; };
		E7BBF3B31CCBCE88008F9A74 /* BaseViewController.m in Sources */ = {isa = PBXBuildFile; fileRef = E7BBF3681CCBCE88008F9A74 /* BaseViewController.m */; };
		E7BBF3B41CCBCE88008F9A74 /* FactoryCollectionViewCell.m in Sources */ = {isa = PBXBuildFile; fileRef = E7BBF36A1CCBCE88008F9A74 /* FactoryCollectionViewCell.m */; };
		E7BBF3B51CCBCE88008F9A74 /* FactoryTableViewCell.m in Sources */ = {isa = PBXBuildFile; fileRef = E7BBF36C1CCBCE88008F9A74 /* FactoryTableViewCell.m */; };
		E7BBF3B61CCBCE88008F9A74 /* LoginAndRegistView.m in Sources */ = {isa = PBXBuildFile; fileRef = E7BBF36E1CCBCE88008F9A74 /* LoginAndRegistView.m */; };
		E7BBF3B71CCBCE88008F9A74 /* SelectionViewController.m in Sources */ = {isa = PBXBuildFile; fileRef = E7BBF3731CCBCE88008F9A74 /* SelectionViewController.m */; };
		E7BBF3B81CCBCE88008F9A74 /* LoginViewController.m in Sources */ = {isa = PBXBuildFile; fileRef = E7BBF3791CCBCE88008F9A74 /* LoginViewController.m */; };
		E7BBF3B91CCBCE88008F9A74 /* LoginViewController.xib in Resources */ = {isa = PBXBuildFile; fileRef = E7BBF37A1CCBCE88008F9A74 /* LoginViewController.xib */; };
		E7BBF3BA1CCBCE88008F9A74 /* RegistViewController.m in Sources */ = {isa = PBXBuildFile; fileRef = E7BBF37C1CCBCE88008F9A74 /* RegistViewController.m */; };
		E7BBF3BB1CCBCE88008F9A74 /* RegistViewController.xib in Resources */ = {isa = PBXBuildFile; fileRef = E7BBF37D1CCBCE88008F9A74 /* RegistViewController.xib */; };
		E7BBF3BC1CCBCE88008F9A74 /* UserInfoManager.m in Sources */ = {isa = PBXBuildFile; fileRef = E7BBF3801CCBCE88008F9A74 /* UserInfoManager.m */; };
		E7BBF3BE1CCBCE88008F9A74 /* NewsViewController.m in Sources */ = {isa = PBXBuildFile; fileRef = E7BBF3871CCBCE88008F9A74 /* NewsViewController.m */; };
		E7BBF3BF1CCBCE88008F9A74 /* AlterUserNameViewController.m in Sources */ = {isa = PBXBuildFile; fileRef = E7BBF38D1CCBCE88008F9A74 /* AlterUserNameViewController.m */; };
		E7BBF3C01CCBCE88008F9A74 /* AlterUserSignViewController.m in Sources */ = {isa = PBXBuildFile; fileRef = E7BBF38F1CCBCE88008F9A74 /* AlterUserSignViewController.m */; };
		E7BBF3C11CCBCE88008F9A74 /* MyNewsViewController.m in Sources */ = {isa = PBXBuildFile; fileRef = E7BBF3911CCBCE88008F9A74 /* MyNewsViewController.m */; };
		E7BBF3C21CCBCE88008F9A74 /* PersonCenterViewController.m in Sources */ = {isa = PBXBuildFile; fileRef = E7BBF3931CCBCE88008F9A74 /* PersonCenterViewController.m */; };
		E7BBF3C31CCBCE88008F9A74 /* PersonInfoViewController.m in Sources */ = {isa = PBXBuildFile; fileRef = E7BBF3951CCBCE88008F9A74 /* PersonInfoViewController.m */; };
		E7BBF3C41CCBCE88008F9A74 /* AlterUserNameCell.m in Sources */ = {isa = PBXBuildFile; fileRef = E7BBF3991CCBCE88008F9A74 /* AlterUserNameCell.m */; };
		E7BBF3C51CCBCE88008F9A74 /* AlterUserSignCell.m in Sources */ = {isa = PBXBuildFile; fileRef = E7BBF39B1CCBCE88008F9A74 /* AlterUserSignCell.m */; };
		E7BBF3C61CCBCE88008F9A74 /* MenuItemCell.m in Sources */ = {isa = PBXBuildFile; fileRef = E7BBF39D1CCBCE88008F9A74 /* MenuItemCell.m */; };
		E7BBF3C71CCBCE88008F9A74 /* PersonCenterHeaderView.m in Sources */ = {isa = PBXBuildFile; fileRef = E7BBF39F1CCBCE88008F9A74 /* PersonCenterHeaderView.m */; };
		E7BBF3C81CCBCE88008F9A74 /* TrainTableViewController.m in Sources */ = {isa = PBXBuildFile; fileRef = E7BBF3A31CCBCE88008F9A74 /* TrainTableViewController.m */; };
		E7BBF3C91CCBCE88008F9A74 /* FMDBManager.m in Sources */ = {isa = PBXBuildFile; fileRef = E7BBF3AA1CCBCE88008F9A74 /* FMDBManager.m */; };
		E7BBF3CA1CCBCE88008F9A74 /* UILabel+LabelHeightAndWidth.m in Sources */ = {isa = PBXBuildFile; fileRef = E7BBF3AD1CCBCE88008F9A74 /* UILabel+LabelHeightAndWidth.m */; };
/* End PBXBuildFile section */

/* Begin PBXContainerItemProxy section */
		E772B1AD1CC7BE7000C2BB5F /* PBXContainerItemProxy */ = {
			isa = PBXContainerItemProxy;
			containerPortal = E772B1911CC7BE7000C2BB5F /* Project object */;
			proxyType = 1;
			remoteGlobalIDString = E772B1981CC7BE7000C2BB5F;
			remoteInfo = "!Fat";
		};
		E772B1B81CC7BE7000C2BB5F /* PBXContainerItemProxy */ = {
			isa = PBXContainerItemProxy;
			containerPortal = E772B1911CC7BE7000C2BB5F /* Project object */;
			proxyType = 1;
			remoteGlobalIDString = E772B1981CC7BE7000C2BB5F;
			remoteInfo = "!Fat";
		};
/* End PBXContainerItemProxy section */

/* Begin PBXFileReference section */
		06D75FF1B76F6BD11161A7A6 /* Pods.debug.xcconfig */ = {isa = PBXFileReference; includeInIndex = 1; lastKnownFileType = text.xcconfig; name = Pods.debug.xcconfig; path = "Pods/Target Support Files/Pods/Pods.debug.xcconfig"; sourceTree = "<group>"; };
		3F372205CB983B7FB3FD821A /* libPods.a */ = {isa = PBXFileReference; explicitFileType = archive.ar; includeInIndex = 0; path = libPods.a; sourceTree = BUILT_PRODUCTS_DIR; };
		923F4DA709979618D7E94F7E /* Pods.release.xcconfig */ = {isa = PBXFileReference; includeInIndex = 1; lastKnownFileType = text.xcconfig; name = Pods.release.xcconfig; path = "Pods/Target Support Files/Pods/Pods.release.xcconfig"; sourceTree = "<group>"; };
		E7244A281CCCAD7900EE72F5 /* LoginView.h */ = {isa = PBXFileReference; fileEncoding = 4; lastKnownFileType = sourcecode.c.h; path = LoginView.h; sourceTree = "<group>"; };
		E7244A291CCCAD7900EE72F5 /* LoginView.m */ = {isa = PBXFileReference; fileEncoding = 4; lastKnownFileType = sourcecode.c.objc; path = LoginView.m; sourceTree = "<group>"; };
		E7244A2B1CCCAD9B00EE72F5 /* NewsModel.h */ = {isa = PBXFileReference; fileEncoding = 4; lastKnownFileType = sourcecode.c.h; path = NewsModel.h; sourceTree = "<group>"; };
		E7244A2C1CCCAD9B00EE72F5 /* NewsModel.m */ = {isa = PBXFileReference; fileEncoding = 4; lastKnownFileType = sourcecode.c.objc; path = NewsModel.m; sourceTree = "<group>"; };
		E7244A2E1CCCADB000EE72F5 /* NewsView.h */ = {isa = PBXFileReference; fileEncoding = 4; lastKnownFileType = sourcecode.c.h; path = NewsView.h; sourceTree = "<group>"; };
		E7244A2F1CCCADB000EE72F5 /* NewsView.m */ = {isa = PBXFileReference; fileEncoding = 4; lastKnownFileType = sourcecode.c.objc; path = NewsView.m; sourceTree = "<group>"; };
		E7244A311CCCADC900EE72F5 /* UserModel.h */ = {isa = PBXFileReference; fileEncoding = 4; lastKnownFileType = sourcecode.c.h; path = UserModel.h; sourceTree = "<group>"; };
		E7244A321CCCADC900EE72F5 /* UserModel.m */ = {isa = PBXFileReference; fileEncoding = 4; lastKnownFileType = sourcecode.c.objc; path = UserModel.m; sourceTree = "<group>"; };
		E7244A341CCCADD500EE72F5 /* TrainModel.h */ = {isa = PBXFileReference; fileEncoding = 4; lastKnownFileType = sourcecode.c.h; path = TrainModel.h; sourceTree = "<group>"; };
		E7244A351CCCADD500EE72F5 /* TrainModel.m */ = {isa = PBXFileReference; fileEncoding = 4; lastKnownFileType = sourcecode.c.objc; path = TrainModel.m; sourceTree = "<group>"; };
		E7244A371CCCADE400EE72F5 /* TrainView.h */ = {isa = PBXFileReference; fileEncoding = 4; lastKnownFileType = sourcecode.c.h; path = TrainView.h; sourceTree = "<group>"; };
		E7244A381CCCADE400EE72F5 /* TrainView.m */ = {isa = PBXFileReference; fileEncoding = 4; lastKnownFileType = sourcecode.c.objc; path = TrainView.m; sourceTree = "<group>"; };
		E7244A3A1CCCAE1C00EE72F5 /* cancel.png */ = {isa = PBXFileReference; lastKnownFileType = image.png; path = cancel.png; sourceTree = "<group>"; };
		E772B1991CC7BE7000C2BB5F /* !Fat.app */ = {isa = PBXFileReference; explicitFileType = wrapper.application; includeInIndex = 0; path = "!Fat.app"; sourceTree = BUILT_PRODUCTS_DIR; };
		E772B19D1CC7BE7000C2BB5F /* main.m */ = {isa = PBXFileReference; lastKnownFileType = sourcecode.c.objc; path = main.m; sourceTree = "<group>"; };
		E772B19F1CC7BE7000C2BB5F /* AppDelegate.h */ = {isa = PBXFileReference; lastKnownFileType = sourcecode.c.h; path = AppDelegate.h; sourceTree = "<group>"; };
		E772B1A01CC7BE7000C2BB5F /* AppDelegate.m */ = {isa = PBXFileReference; lastKnownFileType = sourcecode.c.objc; path = AppDelegate.m; sourceTree = "<group>"; };
		E772B1A21CC7BE7000C2BB5F /* Assets.xcassets */ = {isa = PBXFileReference; lastKnownFileType = folder.assetcatalog; path = Assets.xcassets; sourceTree = "<group>"; };
		E772B1A51CC7BE7000C2BB5F /* Base */ = {isa = PBXFileReference; lastKnownFileType = file.storyboard; name = Base; path = Base.lproj/LaunchScreen.storyboard; sourceTree = "<group>"; };
		E772B1A71CC7BE7000C2BB5F /* Info.plist */ = {isa = PBXFileReference; lastKnownFileType = text.plist.xml; path = Info.plist; sourceTree = "<group>"; };
		E772B1AC1CC7BE7000C2BB5F /* !FatTests.xctest */ = {isa = PBXFileReference; explicitFileType = wrapper.cfbundle; includeInIndex = 0; path = "!FatTests.xctest"; sourceTree = BUILT_PRODUCTS_DIR; };
		E772B1B01CC7BE7000C2BB5F /* _FatTests.m */ = {isa = PBXFileReference; lastKnownFileType = sourcecode.c.objc; path = _FatTests.m; sourceTree = "<group>"; };
		E772B1B21CC7BE7000C2BB5F /* Info.plist */ = {isa = PBXFileReference; lastKnownFileType = text.plist.xml; path = Info.plist; sourceTree = "<group>"; };
		E772B1B71CC7BE7000C2BB5F /* !FatUITests.xctest */ = {isa = PBXFileReference; explicitFileType = wrapper.cfbundle; includeInIndex = 0; path = "!FatUITests.xctest"; sourceTree = BUILT_PRODUCTS_DIR; };
		E772B1BB1CC7BE7000C2BB5F /* _FatUITests.m */ = {isa = PBXFileReference; lastKnownFileType = sourcecode.c.objc; path = _FatUITests.m; sourceTree = "<group>"; };
		E772B1BD1CC7BE7000C2BB5F /* Info.plist */ = {isa = PBXFileReference; lastKnownFileType = text.plist.xml; path = Info.plist; sourceTree = "<group>"; };
		E7BBF35F1CCBCE88008F9A74 /* BaseCollectionViewCell.h */ = {isa = PBXFileReference; fileEncoding = 4; lastKnownFileType = sourcecode.c.h; path = BaseCollectionViewCell.h; sourceTree = "<group>"; };
		E7BBF3601CCBCE88008F9A74 /* BaseCollectionViewCell.m */ = {isa = PBXFileReference; fileEncoding = 4; lastKnownFileType = sourcecode.c.objc; path = BaseCollectionViewCell.m; sourceTree = "<group>"; };
		E7BBF3611CCBCE88008F9A74 /* BaseModel.h */ = {isa = PBXFileReference; fileEncoding = 4; lastKnownFileType = sourcecode.c.h; path = BaseModel.h; sourceTree = "<group>"; };
		E7BBF3621CCBCE88008F9A74 /* BaseModel.m */ = {isa = PBXFileReference; fileEncoding = 4; lastKnownFileType = sourcecode.c.objc; path = BaseModel.m; sourceTree = "<group>"; };
		E7BBF3631CCBCE88008F9A74 /* BaseTableViewCell.h */ = {isa = PBXFileReference; fileEncoding = 4; lastKnownFileType = sourcecode.c.h; path = BaseTableViewCell.h; sourceTree = "<group>"; };
		E7BBF3641CCBCE88008F9A74 /* BaseTableViewCell.m */ = {isa = PBXFileReference; fileEncoding = 4; lastKnownFileType = sourcecode.c.objc; path = BaseTableViewCell.m; sourceTree = "<group>"; };
		E7BBF3651CCBCE88008F9A74 /* BaseTableViewController.h */ = {isa = PBXFileReference; fileEncoding = 4; lastKnownFileType = sourcecode.c.h; path = BaseTableViewController.h; sourceTree = "<group>"; };
		E7BBF3661CCBCE88008F9A74 /* BaseTableViewController.m */ = {isa = PBXFileReference; fileEncoding = 4; lastKnownFileType = sourcecode.c.objc; path = BaseTableViewController.m; sourceTree = "<group>"; };
		E7BBF3671CCBCE88008F9A74 /* BaseViewController.h */ = {isa = PBXFileReference; fileEncoding = 4; lastKnownFileType = sourcecode.c.h; path = BaseViewController.h; sourceTree = "<group>"; };
		E7BBF3681CCBCE88008F9A74 /* BaseViewController.m */ = {isa = PBXFileReference; fileEncoding = 4; lastKnownFileType = sourcecode.c.objc; path = BaseViewController.m; sourceTree = "<group>"; };
		E7BBF3691CCBCE88008F9A74 /* FactoryCollectionViewCell.h */ = {isa = PBXFileReference; fileEncoding = 4; lastKnownFileType = sourcecode.c.h; path = FactoryCollectionViewCell.h; sourceTree = "<group>"; };
		E7BBF36A1CCBCE88008F9A74 /* FactoryCollectionViewCell.m */ = {isa = PBXFileReference; fileEncoding = 4; lastKnownFileType = sourcecode.c.objc; path = FactoryCollectionViewCell.m; sourceTree = "<group>"; };
		E7BBF36B1CCBCE88008F9A74 /* FactoryTableViewCell.h */ = {isa = PBXFileReference; fileEncoding = 4; lastKnownFileType = sourcecode.c.h; path = FactoryTableViewCell.h; sourceTree = "<group>"; };
		E7BBF36C1CCBCE88008F9A74 /* FactoryTableViewCell.m */ = {isa = PBXFileReference; fileEncoding = 4; lastKnownFileType = sourcecode.c.objc; path = FactoryTableViewCell.m; sourceTree = "<group>"; };
		E7BBF36D1CCBCE88008F9A74 /* LoginAndRegistView.h */ = {isa = PBXFileReference; fileEncoding = 4; lastKnownFileType = sourcecode.c.h; path = LoginAndRegistView.h; sourceTree = "<group>"; };
		E7BBF36E1CCBCE88008F9A74 /* LoginAndRegistView.m */ = {isa = PBXFileReference; fileEncoding = 4; lastKnownFileType = sourcecode.c.objc; path = LoginAndRegistView.m; sourceTree = "<group>"; };
		E7BBF3721CCBCE88008F9A74 /* SelectionViewController.h */ = {isa = PBXFileReference; fileEncoding = 4; lastKnownFileType = sourcecode.c.h; path = SelectionViewController.h; sourceTree = "<group>"; };
		E7BBF3731CCBCE88008F9A74 /* SelectionViewController.m */ = {isa = PBXFileReference; fileEncoding = 4; lastKnownFileType = sourcecode.c.objc; path = SelectionViewController.m; sourceTree = "<group>"; };
		E7BBF3781CCBCE88008F9A74 /* LoginViewController.h */ = {isa = PBXFileReference; fileEncoding = 4; lastKnownFileType = sourcecode.c.h; path = LoginViewController.h; sourceTree = "<group>"; };
		E7BBF3791CCBCE88008F9A74 /* LoginViewController.m */ = {isa = PBXFileReference; fileEncoding = 4; lastKnownFileType = sourcecode.c.objc; path = LoginViewController.m; sourceTree = "<group>"; };
		E7BBF37A1CCBCE88008F9A74 /* LoginViewController.xib */ = {isa = PBXFileReference; fileEncoding = 4; lastKnownFileType = file.xib; path = LoginViewController.xib; sourceTree = "<group>"; };
		E7BBF37B1CCBCE88008F9A74 /* RegistViewController.h */ = {isa = PBXFileReference; fileEncoding = 4; lastKnownFileType = sourcecode.c.h; path = RegistViewController.h; sourceTree = "<group>"; };
		E7BBF37C1CCBCE88008F9A74 /* RegistViewController.m */ = {isa = PBXFileReference; fileEncoding = 4; lastKnownFileType = sourcecode.c.objc; path = RegistViewController.m; sourceTree = "<group>"; };
		E7BBF37D1CCBCE88008F9A74 /* RegistViewController.xib */ = {isa = PBXFileReference; fileEncoding = 4; lastKnownFileType = file.xib; path = RegistViewController.xib; sourceTree = "<group>"; };
		E7BBF37F1CCBCE88008F9A74 /* UserInfoManager.h */ = {isa = PBXFileReference; fileEncoding = 4; lastKnownFileType = sourcecode.c.h; path = UserInfoManager.h; sourceTree = "<group>"; };
		E7BBF3801CCBCE88008F9A74 /* UserInfoManager.m */ = {isa = PBXFileReference; fileEncoding = 4; lastKnownFileType = sourcecode.c.objc; path = UserInfoManager.m; sourceTree = "<group>"; };
		E7BBF3861CCBCE88008F9A74 /* NewsViewController.h */ = {isa = PBXFileReference; fileEncoding = 4; lastKnownFileType = sourcecode.c.h; path = NewsViewController.h; sourceTree = "<group>"; };
		E7BBF3871CCBCE88008F9A74 /* NewsViewController.m */ = {isa = PBXFileReference; fileEncoding = 4; lastKnownFileType = sourcecode.c.objc; path = NewsViewController.m; sourceTree = "<group>"; };
		E7BBF38C1CCBCE88008F9A74 /* AlterUserNameViewController.h */ = {isa = PBXFileReference; fileEncoding = 4; lastKnownFileType = sourcecode.c.h; path = AlterUserNameViewController.h; sourceTree = "<group>"; };
		E7BBF38D1CCBCE88008F9A74 /* AlterUserNameViewController.m */ = {isa = PBXFileReference; fileEncoding = 4; lastKnownFileType = sourcecode.c.objc; path = AlterUserNameViewController.m; sourceTree = "<group>"; };
		E7BBF38E1CCBCE88008F9A74 /* AlterUserSignViewController.h */ = {isa = PBXFileReference; fileEncoding = 4; lastKnownFileType = sourcecode.c.h; path = AlterUserSignViewController.h; sourceTree = "<group>"; };
		E7BBF38F1CCBCE88008F9A74 /* AlterUserSignViewController.m */ = {isa = PBXFileReference; fileEncoding = 4; lastKnownFileType = sourcecode.c.objc; path = AlterUserSignViewController.m; sourceTree = "<group>"; };
		E7BBF3901CCBCE88008F9A74 /* MyNewsViewController.h */ = {isa = PBXFileReference; fileEncoding = 4; lastKnownFileType = sourcecode.c.h; path = MyNewsViewController.h; sourceTree = "<group>"; };
		E7BBF3911CCBCE88008F9A74 /* MyNewsViewController.m */ = {isa = PBXFileReference; fileEncoding = 4; lastKnownFileType = sourcecode.c.objc; path = MyNewsViewController.m; sourceTree = "<group>"; };
		E7BBF3921CCBCE88008F9A74 /* PersonCenterViewController.h */ = {isa = PBXFileReference; fileEncoding = 4; lastKnownFileType = sourcecode.c.h; path = PersonCenterViewController.h; sourceTree = "<group>"; };
		E7BBF3931CCBCE88008F9A74 /* PersonCenterViewController.m */ = {isa = PBXFileReference; fileEncoding = 4; lastKnownFileType = sourcecode.c.objc; path = PersonCenterViewController.m; sourceTree = "<group>"; };
		E7BBF3941CCBCE88008F9A74 /* PersonInfoViewController.h */ = {isa = PBXFileReference; fileEncoding = 4; lastKnownFileType = sourcecode.c.h; path = PersonInfoViewController.h; sourceTree = "<group>"; };
		E7BBF3951CCBCE88008F9A74 /* PersonInfoViewController.m */ = {isa = PBXFileReference; fileEncoding = 4; lastKnownFileType = sourcecode.c.objc; path = PersonInfoViewController.m; sourceTree = "<group>"; };
		E7BBF3981CCBCE88008F9A74 /* AlterUserNameCell.h */ = {isa = PBXFileReference; fileEncoding = 4; lastKnownFileType = sourcecode.c.h; path = AlterUserNameCell.h; sourceTree = "<group>"; };
		E7BBF3991CCBCE88008F9A74 /* AlterUserNameCell.m */ = {isa = PBXFileReference; fileEncoding = 4; lastKnownFileType = sourcecode.c.objc; path = AlterUserNameCell.m; sourceTree = "<group>"; };
		E7BBF39A1CCBCE88008F9A74 /* AlterUserSignCell.h */ = {isa = PBXFileReference; fileEncoding = 4; lastKnownFileType = sourcecode.c.h; path = AlterUserSignCell.h; sourceTree = "<group>"; };
		E7BBF39B1CCBCE88008F9A74 /* AlterUserSignCell.m */ = {isa = PBXFileReference; fileEncoding = 4; lastKnownFileType = sourcecode.c.objc; path = AlterUserSignCell.m; sourceTree = "<group>"; };
		E7BBF39C1CCBCE88008F9A74 /* MenuItemCell.h */ = {isa = PBXFileReference; fileEncoding = 4; lastKnownFileType = sourcecode.c.h; path = MenuItemCell.h; sourceTree = "<group>"; };
		E7BBF39D1CCBCE88008F9A74 /* MenuItemCell.m */ = {isa = PBXFileReference; fileEncoding = 4; lastKnownFileType = sourcecode.c.objc; path = MenuItemCell.m; sourceTree = "<group>"; };
		E7BBF39E1CCBCE88008F9A74 /* PersonCenterHeaderView.h */ = {isa = PBXFileReference; fileEncoding = 4; lastKnownFileType = sourcecode.c.h; path = PersonCenterHeaderView.h; sourceTree = "<group>"; };
		E7BBF39F1CCBCE88008F9A74 /* PersonCenterHeaderView.m */ = {isa = PBXFileReference; fileEncoding = 4; lastKnownFileType = sourcecode.c.objc; path = PersonCenterHeaderView.m; sourceTree = "<group>"; };
		E7BBF3A21CCBCE88008F9A74 /* TrainTableViewController.h */ = {isa = PBXFileReference; fileEncoding = 4; lastKnownFileType = sourcecode.c.h; path = TrainTableViewController.h; sourceTree = "<group>"; };
		E7BBF3A31CCBCE88008F9A74 /* TrainTableViewController.m */ = {isa = PBXFileReference; fileEncoding = 4; lastKnownFileType = sourcecode.c.objc; path = TrainTableViewController.m; sourceTree = "<group>"; };
		E7BBF3A81CCBCE88008F9A74 /* ConstantHeaderDefine.h */ = {isa = PBXFileReference; fileEncoding = 4; lastKnownFileType = sourcecode.c.h; path = ConstantHeaderDefine.h; sourceTree = "<group>"; };
		E7BBF3A91CCBCE88008F9A74 /* FMDBManager.h */ = {isa = PBXFileReference; fileEncoding = 4; lastKnownFileType = sourcecode.c.h; path = FMDBManager.h; sourceTree = "<group>"; };
		E7BBF3AA1CCBCE88008F9A74 /* FMDBManager.m */ = {isa = PBXFileReference; fileEncoding = 4; lastKnownFileType = sourcecode.c.objc; path = FMDBManager.m; sourceTree = "<group>"; };
		E7BBF3AB1CCBCE88008F9A74 /* PrefixHeader.pch */ = {isa = PBXFileReference; fileEncoding = 4; lastKnownFileType = sourcecode.c.h; path = PrefixHeader.pch; sourceTree = "<group>"; };
		E7BBF3AC1CCBCE88008F9A74 /* UILabel+LabelHeightAndWidth.h */ = {isa = PBXFileReference; fileEncoding = 4; lastKnownFileType = sourcecode.c.h; path = "UILabel+LabelHeightAndWidth.h"; sourceTree = "<group>"; };
		E7BBF3AD1CCBCE88008F9A74 /* UILabel+LabelHeightAndWidth.m */ = {isa = PBXFileReference; fileEncoding = 4; lastKnownFileType = sourcecode.c.objc; path = "UILabel+LabelHeightAndWidth.m"; sourceTree = "<group>"; };
		E7BBF3AE1CCBCE88008F9A74 /* URLHeaderDefine.h */ = {isa = PBXFileReference; fileEncoding = 4; lastKnownFileType = sourcecode.c.h; path = URLHeaderDefine.h; sourceTree = "<group>"; };
/* End PBXFileReference section */

/* Begin PBXFrameworksBuildPhase section */
		E772B1961CC7BE7000C2BB5F /* Frameworks */ = {
			isa = PBXFrameworksBuildPhase;
			buildActionMask = 2147483647;
			files = (
				5C3CC9B04BFC3EC4DD82A3D7 /* libPods.a in Frameworks */,
			);
			runOnlyForDeploymentPostprocessing = 0;
		};
		E772B1A91CC7BE7000C2BB5F /* Frameworks */ = {
			isa = PBXFrameworksBuildPhase;
			buildActionMask = 2147483647;
			files = (
			);
			runOnlyForDeploymentPostprocessing = 0;
		};
		E772B1B41CC7BE7000C2BB5F /* Frameworks */ = {
			isa = PBXFrameworksBuildPhase;
			buildActionMask = 2147483647;
			files = (
			);
			runOnlyForDeploymentPostprocessing = 0;
		};
/* End PBXFrameworksBuildPhase section */

/* Begin PBXGroup section */
		607018B4ED641F6F87B61D96 /* Frameworks */ = {
			isa = PBXGroup;
			children = (
				3F372205CB983B7FB3FD821A /* libPods.a */,
			);
			name = Frameworks;
			sourceTree = "<group>";
		};
		6528DC68FC5A63898511FB59 /* Pods */ = {
			isa = PBXGroup;
			children = (
				06D75FF1B76F6BD11161A7A6 /* Pods.debug.xcconfig */,
				923F4DA709979618D7E94F7E /* Pods.release.xcconfig */,
			);
			name = Pods;
			sourceTree = "<group>";
		};
		E772B1901CC7BE7000C2BB5F = {
			isa = PBXGroup;
			children = (
				E772B19B1CC7BE7000C2BB5F /* !Fat */,
				E772B1AF1CC7BE7000C2BB5F /* !FatTests */,
				E772B1BA1CC7BE7000C2BB5F /* !FatUITests */,
				E772B19A1CC7BE7000C2BB5F /* Products */,
				6528DC68FC5A63898511FB59 /* Pods */,
				607018B4ED641F6F87B61D96 /* Frameworks */,
			);
			sourceTree = "<group>";
		};
		E772B19A1CC7BE7000C2BB5F /* Products */ = {
			isa = PBXGroup;
			children = (
				E772B1991CC7BE7000C2BB5F /* !Fat.app */,
				E772B1AC1CC7BE7000C2BB5F /* !FatTests.xctest */,
				E772B1B71CC7BE7000C2BB5F /* !FatUITests.xctest */,
			);
			name = Products;
			sourceTree = "<group>";
		};
		E772B19B1CC7BE7000C2BB5F /* !Fat */ = {
			isa = PBXGroup;
			children = (
				E772B19F1CC7BE7000C2BB5F /* AppDelegate.h */,
				E772B1A01CC7BE7000C2BB5F /* AppDelegate.m */,
				E7BBF35E1CCBCE88008F9A74 /* Base */,
				E7BBF36F1CCBCE88008F9A74 /* CodeClass */,
				E7BBF3A61CCBCE88008F9A74 /* Documents */,
				E7BBF3A71CCBCE88008F9A74 /* Tools */,
				E772B1A21CC7BE7000C2BB5F /* Assets.xcassets */,
				E772B1A41CC7BE7000C2BB5F /* LaunchScreen.storyboard */,
				E772B1A71CC7BE7000C2BB5F /* Info.plist */,
				E772B19C1CC7BE7000C2BB5F /* Supporting Files */,
			);
			path = "!Fat";
			sourceTree = "<group>";
		};
		E772B19C1CC7BE7000C2BB5F /* Supporting Files */ = {
			isa = PBXGroup;
			children = (
				E772B19D1CC7BE7000C2BB5F /* main.m */,
			);
			name = "Supporting Files";
			sourceTree = "<group>";
		};
		E772B1AF1CC7BE7000C2BB5F /* !FatTests */ = {
			isa = PBXGroup;
			children = (
				E772B1B01CC7BE7000C2BB5F /* _FatTests.m */,
				E772B1B21CC7BE7000C2BB5F /* Info.plist */,
			);
			path = "!FatTests";
			sourceTree = "<group>";
		};
		E772B1BA1CC7BE7000C2BB5F /* !FatUITests */ = {
			isa = PBXGroup;
			children = (
				E772B1BB1CC7BE7000C2BB5F /* _FatUITests.m */,
				E772B1BD1CC7BE7000C2BB5F /* Info.plist */,
			);
			path = "!FatUITests";
			sourceTree = "<group>";
		};
		E7BBF35E1CCBCE88008F9A74 /* Base */ = {
			isa = PBXGroup;
			children = (
				E7BBF35F1CCBCE88008F9A74 /* BaseCollectionViewCell.h */,
				E7BBF3601CCBCE88008F9A74 /* BaseCollectionViewCell.m */,
				E7BBF3611CCBCE88008F9A74 /* BaseModel.h */,
				E7BBF3621CCBCE88008F9A74 /* BaseModel.m */,
				E7BBF3631CCBCE88008F9A74 /* BaseTableViewCell.h */,
				E7BBF3641CCBCE88008F9A74 /* BaseTableViewCell.m */,
				E7BBF3651CCBCE88008F9A74 /* BaseTableViewController.h */,
				E7BBF3661CCBCE88008F9A74 /* BaseTableViewController.m */,
				E7BBF3671CCBCE88008F9A74 /* BaseViewController.h */,
				E7BBF3681CCBCE88008F9A74 /* BaseViewController.m */,
				E7BBF3691CCBCE88008F9A74 /* FactoryCollectionViewCell.h */,
				E7BBF36A1CCBCE88008F9A74 /* FactoryCollectionViewCell.m */,
				E7BBF36B1CCBCE88008F9A74 /* FactoryTableViewCell.h */,
				E7BBF36C1CCBCE88008F9A74 /* FactoryTableViewCell.m */,
				E7BBF36D1CCBCE88008F9A74 /* LoginAndRegistView.h */,
				E7BBF36E1CCBCE88008F9A74 /* LoginAndRegistView.m */,
			);
			path = Base;
			sourceTree = "<group>";
		};
		E7BBF36F1CCBCE88008F9A74 /* CodeClass */ = {
			isa = PBXGroup;
			children = (
				E7BBF3701CCBCE88008F9A74 /* Find */,
				E7BBF3761CCBCE88008F9A74 /* LoginAndRegist */,
				E7BBF3841CCBCE88008F9A74 /* News */,
				E7BBF38A1CCBCE88008F9A74 /* PersonCenter */,
				E7BBF3A01CCBCE88008F9A74 /* Train */,
			);
			path = CodeClass;
			sourceTree = "<group>";
		};
		E7BBF3701CCBCE88008F9A74 /* Find */ = {
			isa = PBXGroup;
			children = (
				E7BBF3711CCBCE88008F9A74 /* Controller */,
				E7BBF3741CCBCE88008F9A74 /* Model */,
				E7BBF3751CCBCE88008F9A74 /* View */,
			);
			path = Find;
			sourceTree = "<group>";
		};
		E7BBF3711CCBCE88008F9A74 /* Controller */ = {
			isa = PBXGroup;
			children = (
				E7BBF3721CCBCE88008F9A74 /* SelectionViewController.h */,
				E7BBF3731CCBCE88008F9A74 /* SelectionViewController.m */,
			);
			path = Controller;
			sourceTree = "<group>";
		};
		E7BBF3741CCBCE88008F9A74 /* Model */ = {
			isa = PBXGroup;
			children = (
			);
			path = Model;
			sourceTree = "<group>";
		};
		E7BBF3751CCBCE88008F9A74 /* View */ = {
			isa = PBXGroup;
			children = (
			);
			path = View;
			sourceTree = "<group>";
		};
		E7BBF3761CCBCE88008F9A74 /* LoginAndRegist */ = {
			isa = PBXGroup;
			children = (
				E7BBF3771CCBCE88008F9A74 /* Controller */,
				E7BBF37E1CCBCE88008F9A74 /* Model */,
				E7BBF3831CCBCE88008F9A74 /* View */,
			);
			path = LoginAndRegist;
			sourceTree = "<group>";
		};
		E7BBF3771CCBCE88008F9A74 /* Controller */ = {
			isa = PBXGroup;
			children = (
				E7BBF3781CCBCE88008F9A74 /* LoginViewController.h */,
				E7BBF3791CCBCE88008F9A74 /* LoginViewController.m */,
				E7BBF37A1CCBCE88008F9A74 /* LoginViewController.xib */,
				E7BBF37B1CCBCE88008F9A74 /* RegistViewController.h */,
				E7BBF37C1CCBCE88008F9A74 /* RegistViewController.m */,
				E7BBF37D1CCBCE88008F9A74 /* RegistViewController.xib */,
			);
			path = Controller;
			sourceTree = "<group>";
		};
		E7BBF37E1CCBCE88008F9A74 /* Model */ = {
			isa = PBXGroup;
			children = (
				E7BBF37F1CCBCE88008F9A74 /* UserInfoManager.h */,
				E7BBF3801CCBCE88008F9A74 /* UserInfoManager.m */,
			);
			path = Model;
			sourceTree = "<group>";
		};
		E7BBF3831CCBCE88008F9A74 /* View */ = {
			isa = PBXGroup;
			children = (
				E7244A281CCCAD7900EE72F5 /* LoginView.h */,
				E7244A291CCCAD7900EE72F5 /* LoginView.m */,
			);
			path = View;
			sourceTree = "<group>";
		};
		E7BBF3841CCBCE88008F9A74 /* News */ = {
			isa = PBXGroup;
			children = (
				E7BBF3851CCBCE88008F9A74 /* Controller */,
				E7BBF3881CCBCE88008F9A74 /* Model */,
				E7BBF3891CCBCE88008F9A74 /* View */,
			);
			path = News;
			sourceTree = "<group>";
		};
		E7BBF3851CCBCE88008F9A74 /* Controller */ = {
			isa = PBXGroup;
			children = (
				E7BBF3861CCBCE88008F9A74 /* NewsViewController.h */,
				E7BBF3871CCBCE88008F9A74 /* NewsViewController.m */,
			);
			path = Controller;
			sourceTree = "<group>";
		};
		E7BBF3881CCBCE88008F9A74 /* Model */ = {
			isa = PBXGroup;
			children = (
				E7244A2B1CCCAD9B00EE72F5 /* NewsModel.h */,
				E7244A2C1CCCAD9B00EE72F5 /* NewsModel.m */,
			);
			path = Model;
			sourceTree = "<group>";
		};
		E7BBF3891CCBCE88008F9A74 /* View */ = {
			isa = PBXGroup;
			children = (
				E7244A2E1CCCADB000EE72F5 /* NewsView.h */,
				E7244A2F1CCCADB000EE72F5 /* NewsView.m */,
			);
			path = View;
			sourceTree = "<group>";
		};
		E7BBF38A1CCBCE88008F9A74 /* PersonCenter */ = {
			isa = PBXGroup;
			children = (
				E7BBF38B1CCBCE88008F9A74 /* Controller */,
				E7BBF3961CCBCE88008F9A74 /* Model */,
				E7BBF3971CCBCE88008F9A74 /* View */,
			);
			path = PersonCenter;
			sourceTree = "<group>";
		};
		E7BBF38B1CCBCE88008F9A74 /* Controller */ = {
			isa = PBXGroup;
			children = (
				E7BBF38C1CCBCE88008F9A74 /* AlterUserNameViewController.h */,
				E7BBF38D1CCBCE88008F9A74 /* AlterUserNameViewController.m */,
				E7BBF38E1CCBCE88008F9A74 /* AlterUserSignViewController.h */,
				E7BBF38F1CCBCE88008F9A74 /* AlterUserSignViewController.m */,
				E7BBF3901CCBCE88008F9A74 /* MyNewsViewController.h */,
				E7BBF3911CCBCE88008F9A74 /* MyNewsViewController.m */,
				E7BBF3921CCBCE88008F9A74 /* PersonCenterViewController.h */,
				E7BBF3931CCBCE88008F9A74 /* PersonCenterViewController.m */,
				E7BBF3941CCBCE88008F9A74 /* PersonInfoViewController.h */,
				E7BBF3951CCBCE88008F9A74 /* PersonInfoViewController.m */,
			);
			path = Controller;
			sourceTree = "<group>";
		};
		E7BBF3961CCBCE88008F9A74 /* Model */ = {
			isa = PBXGroup;
			children = (
				E7244A311CCCADC900EE72F5 /* UserModel.h */,
				E7244A321CCCADC900EE72F5 /* UserModel.m */,
			);
			path = Model;
			sourceTree = "<group>";
		};
		E7BBF3971CCBCE88008F9A74 /* View */ = {
			isa = PBXGroup;
			children = (
				E7BBF3981CCBCE88008F9A74 /* AlterUserNameCell.h */,
				E7BBF3991CCBCE88008F9A74 /* AlterUserNameCell.m */,
				E7BBF39A1CCBCE88008F9A74 /* AlterUserSignCell.h */,
				E7BBF39B1CCBCE88008F9A74 /* AlterUserSignCell.m */,
				E7BBF39C1CCBCE88008F9A74 /* MenuItemCell.h */,
				E7BBF39D1CCBCE88008F9A74 /* MenuItemCell.m */,
				E7BBF39E1CCBCE88008F9A74 /* PersonCenterHeaderView.h */,
				E7BBF39F1CCBCE88008F9A74 /* PersonCenterHeaderView.m */,
			);
			path = View;
			sourceTree = "<group>";
		};
		E7BBF3A01CCBCE88008F9A74 /* Train */ = {
			isa = PBXGroup;
			children = (
				E7BBF3A11CCBCE88008F9A74 /* Controller */,
				E7BBF3A41CCBCE88008F9A74 /* Model */,
				E7BBF3A51CCBCE88008F9A74 /* View */,
			);
			path = Train;
			sourceTree = "<group>";
		};
		E7BBF3A11CCBCE88008F9A74 /* Controller */ = {
			isa = PBXGroup;
			children = (
				E7BBF3A21CCBCE88008F9A74 /* TrainTableViewController.h */,
				E7BBF3A31CCBCE88008F9A74 /* TrainTableViewController.m */,
			);
			path = Controller;
			sourceTree = "<group>";
		};
		E7BBF3A41CCBCE88008F9A74 /* Model */ = {
			isa = PBXGroup;
			children = (
				E7244A341CCCADD500EE72F5 /* TrainModel.h */,
				E7244A351CCCADD500EE72F5 /* TrainModel.m */,
			);
			path = Model;
			sourceTree = "<group>";
		};
		E7BBF3A51CCBCE88008F9A74 /* View */ = {
			isa = PBXGroup;
			children = (
				E7244A371CCCADE400EE72F5 /* TrainView.h */,
				E7244A381CCCADE400EE72F5 /* TrainView.m */,
			);
			path = View;
			sourceTree = "<group>";
		};
		E7BBF3A61CCBCE88008F9A74 /* Documents */ = {
			isa = PBXGroup;
			children = (
				E7244A3A1CCCAE1C00EE72F5 /* cancel.png */,
			);
			path = Documents;
			sourceTree = "<group>";
		};
		E7BBF3A71CCBCE88008F9A74 /* Tools */ = {
			isa = PBXGroup;
			children = (
				E7BBF3A81CCBCE88008F9A74 /* ConstantHeaderDefine.h */,
				E7BBF3A91CCBCE88008F9A74 /* FMDBManager.h */,
				E7BBF3AA1CCBCE88008F9A74 /* FMDBManager.m */,
				E7BBF3AB1CCBCE88008F9A74 /* PrefixHeader.pch */,
				E7BBF3AC1CCBCE88008F9A74 /* UILabel+LabelHeightAndWidth.h */,
				E7BBF3AD1CCBCE88008F9A74 /* UILabel+LabelHeightAndWidth.m */,
				E7BBF3AE1CCBCE88008F9A74 /* URLHeaderDefine.h */,
			);
			path = Tools;
			sourceTree = "<group>";
		};
/* End PBXGroup section */

/* Begin PBXNativeTarget section */
		E772B1981CC7BE7000C2BB5F /* !Fat */ = {
			isa = PBXNativeTarget;
			buildConfigurationList = E772B1C01CC7BE7000C2BB5F /* Build configuration list for PBXNativeTarget "!Fat" */;
			buildPhases = (
				D049BBBA25DA7043D85FB51A /* Check Pods Manifest.lock */,
				E772B1951CC7BE7000C2BB5F /* Sources */,
				E772B1961CC7BE7000C2BB5F /* Frameworks */,
				E772B1971CC7BE7000C2BB5F /* Resources */,
				5574EB3F7BD137E77FAB2736 /* Embed Pods Frameworks */,
				894D4AF24A893A209508ADFF /* Copy Pods Resources */,
			);
			buildRules = (
			);
			dependencies = (
			);
			name = "!Fat";
			productName = "!Fat";
			productReference = E772B1991CC7BE7000C2BB5F /* !Fat.app */;
			productType = "com.apple.product-type.application";
		};
		E772B1AB1CC7BE7000C2BB5F /* !FatTests */ = {
			isa = PBXNativeTarget;
			buildConfigurationList = E772B1C31CC7BE7000C2BB5F /* Build configuration list for PBXNativeTarget "!FatTests" */;
			buildPhases = (
				E772B1A81CC7BE7000C2BB5F /* Sources */,
				E772B1A91CC7BE7000C2BB5F /* Frameworks */,
				E772B1AA1CC7BE7000C2BB5F /* Resources */,
			);
			buildRules = (
			);
			dependencies = (
				E772B1AE1CC7BE7000C2BB5F /* PBXTargetDependency */,
			);
			name = "!FatTests";
			productName = "!FatTests";
			productReference = E772B1AC1CC7BE7000C2BB5F /* !FatTests.xctest */;
			productType = "com.apple.product-type.bundle.unit-test";
		};
		E772B1B61CC7BE7000C2BB5F /* !FatUITests */ = {
			isa = PBXNativeTarget;
			buildConfigurationList = E772B1C61CC7BE7000C2BB5F /* Build configuration list for PBXNativeTarget "!FatUITests" */;
			buildPhases = (
				E772B1B31CC7BE7000C2BB5F /* Sources */,
				E772B1B41CC7BE7000C2BB5F /* Frameworks */,
				E772B1B51CC7BE7000C2BB5F /* Resources */,
			);
			buildRules = (
			);
			dependencies = (
				E772B1B91CC7BE7000C2BB5F /* PBXTargetDependency */,
			);
			name = "!FatUITests";
			productName = "!FatUITests";
			productReference = E772B1B71CC7BE7000C2BB5F /* !FatUITests.xctest */;
			productType = "com.apple.product-type.bundle.ui-testing";
		};
/* End PBXNativeTarget section */

/* Begin PBXProject section */
		E772B1911CC7BE7000C2BB5F /* Project object */ = {
			isa = PBXProject;
			attributes = {
				LastUpgradeCheck = 0730;
				ORGANIZATIONNAME = dabao;
				TargetAttributes = {
					E772B1981CC7BE7000C2BB5F = {
						CreatedOnToolsVersion = 7.3;
						DevelopmentTeam = 6K7C7GJ7AD;
					};
					E772B1AB1CC7BE7000C2BB5F = {
						CreatedOnToolsVersion = 7.3;
						DevelopmentTeam = 6K7C7GJ7AD;
						TestTargetID = E772B1981CC7BE7000C2BB5F;
					};
					E772B1B61CC7BE7000C2BB5F = {
						CreatedOnToolsVersion = 7.3;
						DevelopmentTeam = 6K7C7GJ7AD;
						TestTargetID = E772B1981CC7BE7000C2BB5F;
					};
				};
			};
			buildConfigurationList = E772B1941CC7BE7000C2BB5F /* Build configuration list for PBXProject "!Fat" */;
			compatibilityVersion = "Xcode 3.2";
			developmentRegion = English;
			hasScannedForEncodings = 0;
			knownRegions = (
				en,
				Base,
			);
			mainGroup = E772B1901CC7BE7000C2BB5F;
			productRefGroup = E772B19A1CC7BE7000C2BB5F /* Products */;
			projectDirPath = "";
			projectRoot = "";
			targets = (
				E772B1981CC7BE7000C2BB5F /* !Fat */,
				E772B1AB1CC7BE7000C2BB5F /* !FatTests */,
				E772B1B61CC7BE7000C2BB5F /* !FatUITests */,
			);
		};
/* End PBXProject section */

/* Begin PBXResourcesBuildPhase section */
		E772B1971CC7BE7000C2BB5F /* Resources */ = {
			isa = PBXResourcesBuildPhase;
			buildActionMask = 2147483647;
			files = (
				E772B1A31CC7BE7000C2BB5F /* Assets.xcassets in Resources */,
				E772B1A61CC7BE7000C2BB5F /* LaunchScreen.storyboard in Resources */,
				E7BBF3BB1CCBCE88008F9A74 /* RegistViewController.xib in Resources */,
				E7244A3B1CCCAE1C00EE72F5 /* cancel.png in Resources */,
				E7BBF3B91CCBCE88008F9A74 /* LoginViewController.xib in Resources */,
			);
			runOnlyForDeploymentPostprocessing = 0;
		};
		E772B1AA1CC7BE7000C2BB5F /* Resources */ = {
			isa = PBXResourcesBuildPhase;
			buildActionMask = 2147483647;
			files = (
			);
			runOnlyForDeploymentPostprocessing = 0;
		};
		E772B1B51CC7BE7000C2BB5F /* Resources */ = {
			isa = PBXResourcesBuildPhase;
			buildActionMask = 2147483647;
			files = (
			);
			runOnlyForDeploymentPostprocessing = 0;
		};
/* End PBXResourcesBuildPhase section */

/* Begin PBXShellScriptBuildPhase section */
		5574EB3F7BD137E77FAB2736 /* Embed Pods Frameworks */ = {
			isa = PBXShellScriptBuildPhase;
			buildActionMask = 2147483647;
			files = (
			);
			inputPaths = (
			);
			name = "Embed Pods Frameworks";
			outputPaths = (
			);
			runOnlyForDeploymentPostprocessing = 0;
			shellPath = /bin/sh;
			shellScript = "\"${SRCROOT}/Pods/Target Support Files/Pods/Pods-frameworks.sh\"\n";
			showEnvVarsInLog = 0;
		};
		894D4AF24A893A209508ADFF /* Copy Pods Resources */ = {
			isa = PBXShellScriptBuildPhase;
			buildActionMask = 2147483647;
			files = (
			);
			inputPaths = (
			);
			name = "Copy Pods Resources";
			outputPaths = (
			);
			runOnlyForDeploymentPostprocessing = 0;
			shellPath = /bin/sh;
			shellScript = "\"${SRCROOT}/Pods/Target Support Files/Pods/Pods-resources.sh\"\n";
			showEnvVarsInLog = 0;
		};
		D049BBBA25DA7043D85FB51A /* Check Pods Manifest.lock */ = {
			isa = PBXShellScriptBuildPhase;
			buildActionMask = 2147483647;
			files = (
			);
			inputPaths = (
			);
			name = "Check Pods Manifest.lock";
			outputPaths = (
			);
			runOnlyForDeploymentPostprocessing = 0;
			shellPath = /bin/sh;
			shellScript = "diff \"${PODS_ROOT}/../Podfile.lock\" \"${PODS_ROOT}/Manifest.lock\" > /dev/null\nif [[ $? != 0 ]] ; then\n    cat << EOM\nerror: The sandbox is not in sync with the Podfile.lock. Run 'pod install' or update your CocoaPods installation.\nEOM\n    exit 1\nfi\n";
			showEnvVarsInLog = 0;
		};
/* End PBXShellScriptBuildPhase section */

/* Begin PBXSourcesBuildPhase section */
		E772B1951CC7BE7000C2BB5F /* Sources */ = {
			isa = PBXSourcesBuildPhase;
			buildActionMask = 2147483647;
			files = (
				E7BBF3BA1CCBCE88008F9A74 /* RegistViewController.m in Sources */,
				E7BBF3C31CCBCE88008F9A74 /* PersonInfoViewController.m in Sources */,
				E7BBF3C11CCBCE88008F9A74 /* MyNewsViewController.m in Sources */,
				E7BBF3C21CCBCE88008F9A74 /* PersonCenterViewController.m in Sources */,
				E7BBF3C01CCBCE88008F9A74 /* AlterUserSignViewController.m in Sources */,
				E7BBF3C61CCBCE88008F9A74 /* MenuItemCell.m in Sources */,
				E7BBF3B71CCBCE88008F9A74 /* SelectionViewController.m in Sources */,
				E7BBF3BF1CCBCE88008F9A74 /* AlterUserNameViewController.m in Sources */,
				E7BBF3B11CCBCE88008F9A74 /* BaseTableViewCell.m in Sources */,
				E772B1A11CC7BE7000C2BB5F /* AppDelegate.m in Sources */,
				E7244A2D1CCCAD9B00EE72F5 /* NewsModel.m in Sources */,
				E7BBF3BC1CCBCE88008F9A74 /* UserInfoManager.m in Sources */,
				E7BBF3AF1CCBCE88008F9A74 /* BaseCollectionViewCell.m in Sources */,
				E7BBF3B01CCBCE88008F9A74 /* BaseModel.m in Sources */,
				E7BBF3B21CCBCE88008F9A74 /* BaseTableViewController.m in Sources */,
				E7BBF3B41CCBCE88008F9A74 /* FactoryCollectionViewCell.m in Sources */,
				E7BBF3B51CCBCE88008F9A74 /* FactoryTableViewCell.m in Sources */,
				E7244A301CCCADB000EE72F5 /* NewsView.m in Sources */,
				E7BBF3B81CCBCE88008F9A74 /* LoginViewController.m in Sources */,
				E7BBF3C41CCBCE88008F9A74 /* AlterUserNameCell.m in Sources */,
				E7BBF3C81CCBCE88008F9A74 /* TrainTableViewController.m in Sources */,
				E7BBF3C51CCBCE88008F9A74 /* AlterUserSignCell.m in Sources */,
				E7244A331CCCADC900EE72F5 /* UserModel.m in Sources */,
				E7244A2A1CCCAD7900EE72F5 /* LoginView.m in Sources */,
				E7BBF3BE1CCBCE88008F9A74 /* NewsViewController.m in Sources */,
				E7BBF3B31CCBCE88008F9A74 /* BaseViewController.m in Sources */,
				E7BBF3C91CCBCE88008F9A74 /* FMDBManager.m in Sources */,
				E7244A361CCCADD500EE72F5 /* TrainModel.m in Sources */,
				E7BBF3C71CCBCE88008F9A74 /* PersonCenterHeaderView.m in Sources */,
				E7BBF3CA1CCBCE88008F9A74 /* UILabel+LabelHeightAndWidth.m in Sources */,
				E7244A391CCCADE400EE72F5 /* TrainView.m in Sources */,
				E7BBF3B61CCBCE88008F9A74 /* LoginAndRegistView.m in Sources */,
				E772B19E1CC7BE7000C2BB5F /* main.m in Sources */,
			);
			runOnlyForDeploymentPostprocessing = 0;
		};
		E772B1A81CC7BE7000C2BB5F /* Sources */ = {
			isa = PBXSourcesBuildPhase;
			buildActionMask = 2147483647;
			files = (
				E772B1B11CC7BE7000C2BB5F /* _FatTests.m in Sources */,
			);
			runOnlyForDeploymentPostprocessing = 0;
		};
		E772B1B31CC7BE7000C2BB5F /* Sources */ = {
			isa = PBXSourcesBuildPhase;
			buildActionMask = 2147483647;
			files = (
				E772B1BC1CC7BE7000C2BB5F /* _FatUITests.m in Sources */,
			);
			runOnlyForDeploymentPostprocessing = 0;
		};
/* End PBXSourcesBuildPhase section */

/* Begin PBXTargetDependency section */
		E772B1AE1CC7BE7000C2BB5F /* PBXTargetDependency */ = {
			isa = PBXTargetDependency;
			target = E772B1981CC7BE7000C2BB5F /* !Fat */;
			targetProxy = E772B1AD1CC7BE7000C2BB5F /* PBXContainerItemProxy */;
		};
		E772B1B91CC7BE7000C2BB5F /* PBXTargetDependency */ = {
			isa = PBXTargetDependency;
			target = E772B1981CC7BE7000C2BB5F /* !Fat */;
			targetProxy = E772B1B81CC7BE7000C2BB5F /* PBXContainerItemProxy */;
		};
/* End PBXTargetDependency section */

/* Begin PBXVariantGroup section */
		E772B1A41CC7BE7000C2BB5F /* LaunchScreen.storyboard */ = {
			isa = PBXVariantGroup;
			children = (
				E772B1A51CC7BE7000C2BB5F /* Base */,
			);
			name = LaunchScreen.storyboard;
			sourceTree = "<group>";
		};
/* End PBXVariantGroup section */

/* Begin XCBuildConfiguration section */
		E772B1BE1CC7BE7000C2BB5F /* Debug */ = {
			isa = XCBuildConfiguration;
			buildSettings = {
				ALWAYS_SEARCH_USER_PATHS = NO;
				CLANG_ANALYZER_NONNULL = YES;
				CLANG_CXX_LANGUAGE_STANDARD = "gnu++0x";
				CLANG_CXX_LIBRARY = "libc++";
				CLANG_ENABLE_MODULES = YES;
				CLANG_ENABLE_OBJC_ARC = YES;
				CLANG_WARN_BOOL_CONVERSION = YES;
				CLANG_WARN_CONSTANT_CONVERSION = YES;
				CLANG_WARN_DIRECT_OBJC_ISA_USAGE = YES_ERROR;
				CLANG_WARN_EMPTY_BODY = YES;
				CLANG_WARN_ENUM_CONVERSION = YES;
				CLANG_WARN_INT_CONVERSION = YES;
				CLANG_WARN_OBJC_ROOT_CLASS = YES_ERROR;
				CLANG_WARN_UNREACHABLE_CODE = YES;
				CLANG_WARN__DUPLICATE_METHOD_MATCH = YES;
				"CODE_SIGN_IDENTITY[sdk=iphoneos*]" = "iPhone Developer";
				COPY_PHASE_STRIP = NO;
				DEBUG_INFORMATION_FORMAT = dwarf;
				ENABLE_STRICT_OBJC_MSGSEND = YES;
				ENABLE_TESTABILITY = YES;
				GCC_C_LANGUAGE_STANDARD = gnu99;
				GCC_DYNAMIC_NO_PIC = NO;
				GCC_NO_COMMON_BLOCKS = YES;
				GCC_OPTIMIZATION_LEVEL = 0;
				GCC_PREPROCESSOR_DEFINITIONS = (
					"DEBUG=1",
					"$(inherited)",
				);
				GCC_WARN_64_TO_32_BIT_CONVERSION = YES;
				GCC_WARN_ABOUT_RETURN_TYPE = YES_ERROR;
				GCC_WARN_UNDECLARED_SELECTOR = YES;
				GCC_WARN_UNINITIALIZED_AUTOS = YES_AGGRESSIVE;
				GCC_WARN_UNUSED_FUNCTION = YES;
				GCC_WARN_UNUSED_VARIABLE = YES;
				IPHONEOS_DEPLOYMENT_TARGET = 9.3;
				MTL_ENABLE_DEBUG_INFO = YES;
				ONLY_ACTIVE_ARCH = YES;
				SDKROOT = iphoneos;
			};
			name = Debug;
		};
		E772B1BF1CC7BE7000C2BB5F /* Release */ = {
			isa = XCBuildConfiguration;
			buildSettings = {
				ALWAYS_SEARCH_USER_PATHS = NO;
				CLANG_ANALYZER_NONNULL = YES;
				CLANG_CXX_LANGUAGE_STANDARD = "gnu++0x";
				CLANG_CXX_LIBRARY = "libc++";
				CLANG_ENABLE_MODULES = YES;
				CLANG_ENABLE_OBJC_ARC = YES;
				CLANG_WARN_BOOL_CONVERSION = YES;
				CLANG_WARN_CONSTANT_CONVERSION = YES;
				CLANG_WARN_DIRECT_OBJC_ISA_USAGE = YES_ERROR;
				CLANG_WARN_EMPTY_BODY = YES;
				CLANG_WARN_ENUM_CONVERSION = YES;
				CLANG_WARN_INT_CONVERSION = YES;
				CLANG_WARN_OBJC_ROOT_CLASS = YES_ERROR;
				CLANG_WARN_UNREACHABLE_CODE = YES;
				CLANG_WARN__DUPLICATE_METHOD_MATCH = YES;
				"CODE_SIGN_IDENTITY[sdk=iphoneos*]" = "iPhone Developer";
				COPY_PHASE_STRIP = NO;
				DEBUG_INFORMATION_FORMAT = "dwarf-with-dsym";
				ENABLE_NS_ASSERTIONS = NO;
				ENABLE_STRICT_OBJC_MSGSEND = YES;
				GCC_C_LANGUAGE_STANDARD = gnu99;
				GCC_NO_COMMON_BLOCKS = YES;
				GCC_WARN_64_TO_32_BIT_CONVERSION = YES;
				GCC_WARN_ABOUT_RETURN_TYPE = YES_ERROR;
				GCC_WARN_UNDECLARED_SELECTOR = YES;
				GCC_WARN_UNINITIALIZED_AUTOS = YES_AGGRESSIVE;
				GCC_WARN_UNUSED_FUNCTION = YES;
				GCC_WARN_UNUSED_VARIABLE = YES;
				IPHONEOS_DEPLOYMENT_TARGET = 9.3;
				MTL_ENABLE_DEBUG_INFO = NO;
				SDKROOT = iphoneos;
				VALIDATE_PRODUCT = YES;
			};
			name = Release;
		};
		E772B1C11CC7BE7000C2BB5F /* Debug */ = {
			isa = XCBuildConfiguration;
			baseConfigurationReference = 06D75FF1B76F6BD11161A7A6 /* Pods.debug.xcconfig */;
			buildSettings = {
				ASSETCATALOG_COMPILER_APPICON_NAME = AppIcon;
				CODE_SIGN_IDENTITY = "iPhone Developer";
				GCC_PREFIX_HEADER = "!Fat/Tools/PrefixHeader.pch";
				INFOPLIST_FILE = "!Fat/Info.plist";
				LD_RUNPATH_SEARCH_PATHS = "$(inherited) @executable_path/Frameworks";
				PRODUCT_BUNDLE_IDENTIFIER = com.lanou.Fat123;
				PRODUCT_NAME = "$(TARGET_NAME)";
			};
			name = Debug;
		};
		E772B1C21CC7BE7000C2BB5F /* Release */ = {
			isa = XCBuildConfiguration;
			baseConfigurationReference = 923F4DA709979618D7E94F7E /* Pods.release.xcconfig */;
			buildSettings = {
				ASSETCATALOG_COMPILER_APPICON_NAME = AppIcon;
				CODE_SIGN_IDENTITY = "iPhone Developer";
				GCC_PREFIX_HEADER = "!Fat/Tools/PrefixHeader.pch";
				INFOPLIST_FILE = "!Fat/Info.plist";
				LD_RUNPATH_SEARCH_PATHS = "$(inherited) @executable_path/Frameworks";
				PRODUCT_BUNDLE_IDENTIFIER = com.lanou.Fat123;
				PRODUCT_NAME = "$(TARGET_NAME)";
			};
			name = Release;
		};
		E772B1C41CC7BE7000C2BB5F /* Debug */ = {
			isa = XCBuildConfiguration;
			buildSettings = {
				BUNDLE_LOADER = "$(TEST_HOST)";
				INFOPLIST_FILE = "!FatTests/Info.plist";
				LD_RUNPATH_SEARCH_PATHS = "$(inherited) @executable_path/Frameworks @loader_path/Frameworks";
				PRODUCT_BUNDLE_IDENTIFIER = "com.lanou.-FatTests";
				PRODUCT_NAME = "$(TARGET_NAME)";
				TEST_HOST = "$(BUILT_PRODUCTS_DIR)/!Fat.app/!Fat";
			};
			name = Debug;
		};
		E772B1C51CC7BE7000C2BB5F /* Release */ = {
			isa = XCBuildConfiguration;
			buildSettings = {
				BUNDLE_LOADER = "$(TEST_HOST)";
				INFOPLIST_FILE = "!FatTests/Info.plist";
				LD_RUNPATH_SEARCH_PATHS = "$(inherited) @executable_path/Frameworks @loader_path/Frameworks";
				PRODUCT_BUNDLE_IDENTIFIER = "com.lanou.-FatTests";
				PRODUCT_NAME = "$(TARGET_NAME)";
				TEST_HOST = "$(BUILT_PRODUCTS_DIR)/!Fat.app/!Fat";
			};
			name = Release;
		};
		E772B1C71CC7BE7000C2BB5F /* Debug */ = {
			isa = XCBuildConfiguration;
			buildSettings = {
				INFOPLIST_FILE = "!FatUITests/Info.plist";
				LD_RUNPATH_SEARCH_PATHS = "$(inherited) @executable_path/Frameworks @loader_path/Frameworks";
				PRODUCT_BUNDLE_IDENTIFIER = "com.lanou.-FatUITests";
				PRODUCT_NAME = "$(TARGET_NAME)";
				TEST_TARGET_NAME = "!Fat";
			};
			name = Debug;
		};
		E772B1C81CC7BE7000C2BB5F /* Release */ = {
			isa = XCBuildConfiguration;
			buildSettings = {
				INFOPLIST_FILE = "!FatUITests/Info.plist";
				LD_RUNPATH_SEARCH_PATHS = "$(inherited) @executable_path/Frameworks @loader_path/Frameworks";
				PRODUCT_BUNDLE_IDENTIFIER = "com.lanou.-FatUITests";
				PRODUCT_NAME = "$(TARGET_NAME)";
				TEST_TARGET_NAME = "!Fat";
			};
			name = Release;
		};
/* End XCBuildConfiguration section */

/* Begin XCConfigurationList section */
		E772B1941CC7BE7000C2BB5F /* Build configuration list for PBXProject "!Fat" */ = {
			isa = XCConfigurationList;
			buildConfigurations = (
				E772B1BE1CC7BE7000C2BB5F /* Debug */,
				E772B1BF1CC7BE7000C2BB5F /* Release */,
			);
			defaultConfigurationIsVisible = 0;
			defaultConfigurationName = Release;
		};
		E772B1C01CC7BE7000C2BB5F /* Build configuration list for PBXNativeTarget "!Fat" */ = {
			isa = XCConfigurationList;
			buildConfigurations = (
				E772B1C11CC7BE7000C2BB5F /* Debug */,
				E772B1C21CC7BE7000C2BB5F /* Release */,
			);
			defaultConfigurationIsVisible = 0;
			defaultConfigurationName = Release;
		};
		E772B1C31CC7BE7000C2BB5F /* Build configuration list for PBXNativeTarget "!FatTests" */ = {
			isa = XCConfigurationList;
			buildConfigurations = (
				E772B1C41CC7BE7000C2BB5F /* Debug */,
				E772B1C51CC7BE7000C2BB5F /* Release */,
			);
			defaultConfigurationIsVisible = 0;
			defaultConfigurationName = Release;
		};
		E772B1C61CC7BE7000C2BB5F /* Build configuration list for PBXNativeTarget "!FatUITests" */ = {
			isa = XCConfigurationList;
			buildConfigurations = (
				E772B1C71CC7BE7000C2BB5F /* Debug */,
				E772B1C81CC7BE7000C2BB5F /* Release */,
			);
			defaultConfigurationIsVisible = 0;
			defaultConfigurationName = Release;
		};
/* End XCConfigurationList section */
	};
	rootObject = E772B1911CC7BE7000C2BB5F /* Project object */;
}
