// !$*UTF8*$!
{
	archiveVersion = 1;
	classes = {
	};
	objectVersion = 46;
	objects = {

/* Begin PBXBuildFile section */
		8144411CDF60E75E703D52C1 /* libPods.a in Frameworks */ = {isa = PBXBuildFile; fileRef = 82F26C79C1EBDF4C151520F9 /* libPods.a */; };
		E705F3671CC6055200181248 /* main.m in Sources */ = {isa = PBXBuildFile; fileRef = E705F3661CC6055200181248 /* main.m */; };
		E705F36A1CC6055200181248 /* AppDelegate.m in Sources */ = {isa = PBXBuildFile; fileRef = E705F3691CC6055200181248 /* AppDelegate.m */; };
		E705F36C1CC6055200181248 /* Assets.xcassets in Resources */ = {isa = PBXBuildFile; fileRef = E705F36B1CC6055200181248 /* Assets.xcassets */; };
		E705F36F1CC6055200181248 /* LaunchScreen.storyboard in Resources */ = {isa = PBXBuildFile; fileRef = E705F36D1CC6055200181248 /* LaunchScreen.storyboard */; };
		E705F37A1CC6055200181248 /* No_FatTests.m in Sources */ = {isa = PBXBuildFile; fileRef = E705F3791CC6055200181248 /* No_FatTests.m */; };
		E705F3851CC6055200181248 /* No_FatUITests.m in Sources */ = {isa = PBXBuildFile; fileRef = E705F3841CC6055200181248 /* No_FatUITests.m */; };
		E705F39C1CC60A7100181248 /* BaseModel.m in Sources */ = {isa = PBXBuildFile; fileRef = E705F39B1CC60A7100181248 /* BaseModel.m */; };
		E7956C9C1CC65B8B009E370D /* BaseViewController.m in Sources */ = {isa = PBXBuildFile; fileRef = E7956C9B1CC65B8B009E370D /* BaseViewController.m */; };
		E7956C9F1CC65BD9009E370D /* BaseTableViewCell.m in Sources */ = {isa = PBXBuildFile; fileRef = E7956C9E1CC65BD9009E370D /* BaseTableViewCell.m */; };
		E7956CA21CC65BE9009E370D /* BaseCollectionViewCell.m in Sources */ = {isa = PBXBuildFile; fileRef = E7956CA11CC65BE9009E370D /* BaseCollectionViewCell.m */; };
		E7956CA51CC65BFA009E370D /* FactoryTableViewCell.m in Sources */ = {isa = PBXBuildFile; fileRef = E7956CA41CC65BFA009E370D /* FactoryTableViewCell.m */; };
		E7956CA81CC65C0A009E370D /* FactoryCollectionViewCell.m in Sources */ = {isa = PBXBuildFile; fileRef = E7956CA71CC65C0A009E370D /* FactoryCollectionViewCell.m */; };
		E7956CAE1CC65F8B009E370D /* BaseTableViewController.m in Sources */ = {isa = PBXBuildFile; fileRef = E7956CAD1CC65F8B009E370D /* BaseTableViewController.m */; };
		E7956CD91CC6608A009E370D /* SelectionViewController.m in Sources */ = {isa = PBXBuildFile; fileRef = E7956CD81CC6608A009E370D /* SelectionViewController.m */; };
		E7956CDC1CC660AE009E370D /* TrainTableViewController.m in Sources */ = {isa = PBXBuildFile; fileRef = E7956CDB1CC660AE009E370D /* TrainTableViewController.m */; };
		E7956CDF1CC661FE009E370D /* NewsViewController.m in Sources */ = {isa = PBXBuildFile; fileRef = E7956CDE1CC661FE009E370D /* NewsViewController.m */; };
		E7956CE21CC6622C009E370D /* PersonCenterViewController.m in Sources */ = {isa = PBXBuildFile; fileRef = E7956CE11CC6622C009E370D /* PersonCenterViewController.m */; };
		E7956CE51CC67FA2009E370D /* LoginViewController.m in Sources */ = {isa = PBXBuildFile; fileRef = E7956CE41CC67FA2009E370D /* LoginViewController.m */; };
		E7956CE81CC68081009E370D /* LoginView.m in Sources */ = {isa = PBXBuildFile; fileRef = E7956CE71CC68081009E370D /* LoginView.m */; };
		E7956CEA1CC6808F009E370D /* LoginView.xib in Resources */ = {isa = PBXBuildFile; fileRef = E7956CE91CC6808F009E370D /* LoginView.xib */; };
/* End PBXBuildFile section */

/* Begin PBXContainerItemProxy section */
		E705F3761CC6055200181248 /* PBXContainerItemProxy */ = {
			isa = PBXContainerItemProxy;
			containerPortal = E705F35A1CC6055200181248 /* Project object */;
			proxyType = 1;
			remoteGlobalIDString = E705F3611CC6055200181248;
			remoteInfo = "No!Fat";
		};
		E705F3811CC6055200181248 /* PBXContainerItemProxy */ = {
			isa = PBXContainerItemProxy;
			containerPortal = E705F35A1CC6055200181248 /* Project object */;
			proxyType = 1;
			remoteGlobalIDString = E705F3611CC6055200181248;
			remoteInfo = "No!Fat";
		};
/* End PBXContainerItemProxy section */

/* Begin PBXFileReference section */
		82F26C79C1EBDF4C151520F9 /* libPods.a */ = {isa = PBXFileReference; explicitFileType = archive.ar; includeInIndex = 0; path = libPods.a; sourceTree = BUILT_PRODUCTS_DIR; };
		986023C158201A08A08A5CF0 /* Pods.debug.xcconfig */ = {isa = PBXFileReference; includeInIndex = 1; lastKnownFileType = text.xcconfig; name = Pods.debug.xcconfig; path = "Pods/Target Support Files/Pods/Pods.debug.xcconfig"; sourceTree = "<group>"; };
		9B85B79F545582FD6EC95782 /* Pods.release.xcconfig */ = {isa = PBXFileReference; includeInIndex = 1; lastKnownFileType = text.xcconfig; name = Pods.release.xcconfig; path = "Pods/Target Support Files/Pods/Pods.release.xcconfig"; sourceTree = "<group>"; };
		E705F3621CC6055200181248 /* No!Fat.app */ = {isa = PBXFileReference; explicitFileType = wrapper.application; includeInIndex = 0; path = "No!Fat.app"; sourceTree = BUILT_PRODUCTS_DIR; };
		E705F3661CC6055200181248 /* main.m */ = {isa = PBXFileReference; lastKnownFileType = sourcecode.c.objc; path = main.m; sourceTree = "<group>"; };
		E705F3681CC6055200181248 /* AppDelegate.h */ = {isa = PBXFileReference; lastKnownFileType = sourcecode.c.h; path = AppDelegate.h; sourceTree = "<group>"; };
		E705F3691CC6055200181248 /* AppDelegate.m */ = {isa = PBXFileReference; lastKnownFileType = sourcecode.c.objc; path = AppDelegate.m; sourceTree = "<group>"; };
		E705F36B1CC6055200181248 /* Assets.xcassets */ = {isa = PBXFileReference; lastKnownFileType = folder.assetcatalog; path = Assets.xcassets; sourceTree = "<group>"; };
		E705F36E1CC6055200181248 /* Base */ = {isa = PBXFileReference; lastKnownFileType = file.storyboard; name = Base; path = Base.lproj/LaunchScreen.storyboard; sourceTree = "<group>"; };
		E705F3701CC6055200181248 /* Info.plist */ = {isa = PBXFileReference; lastKnownFileType = text.plist.xml; path = Info.plist; sourceTree = "<group>"; };
		E705F3751CC6055200181248 /* No!FatTests.xctest */ = {isa = PBXFileReference; explicitFileType = wrapper.cfbundle; includeInIndex = 0; path = "No!FatTests.xctest"; sourceTree = BUILT_PRODUCTS_DIR; };
		E705F3791CC6055200181248 /* No_FatTests.m */ = {isa = PBXFileReference; lastKnownFileType = sourcecode.c.objc; path = No_FatTests.m; sourceTree = "<group>"; };
		E705F37B1CC6055200181248 /* Info.plist */ = {isa = PBXFileReference; lastKnownFileType = text.plist.xml; path = Info.plist; sourceTree = "<group>"; };
		E705F3801CC6055200181248 /* No!FatUITests.xctest */ = {isa = PBXFileReference; explicitFileType = wrapper.cfbundle; includeInIndex = 0; path = "No!FatUITests.xctest"; sourceTree = BUILT_PRODUCTS_DIR; };
		E705F3841CC6055200181248 /* No_FatUITests.m */ = {isa = PBXFileReference; lastKnownFileType = sourcecode.c.objc; path = No_FatUITests.m; sourceTree = "<group>"; };
		E705F3861CC6055200181248 /* Info.plist */ = {isa = PBXFileReference; lastKnownFileType = text.plist.xml; path = Info.plist; sourceTree = "<group>"; };
		E705F39A1CC60A7100181248 /* BaseModel.h */ = {isa = PBXFileReference; fileEncoding = 4; lastKnownFileType = sourcecode.c.h; path = BaseModel.h; sourceTree = "<group>"; };
		E705F39B1CC60A7100181248 /* BaseModel.m */ = {isa = PBXFileReference; fileEncoding = 4; lastKnownFileType = sourcecode.c.objc; path = BaseModel.m; sourceTree = "<group>"; };
		E7956C9A1CC65B8B009E370D /* BaseViewController.h */ = {isa = PBXFileReference; fileEncoding = 4; lastKnownFileType = sourcecode.c.h; path = BaseViewController.h; sourceTree = "<group>"; };
		E7956C9B1CC65B8B009E370D /* BaseViewController.m */ = {isa = PBXFileReference; fileEncoding = 4; lastKnownFileType = sourcecode.c.objc; path = BaseViewController.m; sourceTree = "<group>"; };
		E7956C9D1CC65BD9009E370D /* BaseTableViewCell.h */ = {isa = PBXFileReference; fileEncoding = 4; lastKnownFileType = sourcecode.c.h; path = BaseTableViewCell.h; sourceTree = "<group>"; };
		E7956C9E1CC65BD9009E370D /* BaseTableViewCell.m */ = {isa = PBXFileReference; fileEncoding = 4; lastKnownFileType = sourcecode.c.objc; path = BaseTableViewCell.m; sourceTree = "<group>"; };
		E7956CA01CC65BE9009E370D /* BaseCollectionViewCell.h */ = {isa = PBXFileReference; fileEncoding = 4; lastKnownFileType = sourcecode.c.h; path = BaseCollectionViewCell.h; sourceTree = "<group>"; };
		E7956CA11CC65BE9009E370D /* BaseCollectionViewCell.m */ = {isa = PBXFileReference; fileEncoding = 4; lastKnownFileType = sourcecode.c.objc; path = BaseCollectionViewCell.m; sourceTree = "<group>"; };
		E7956CA31CC65BFA009E370D /* FactoryTableViewCell.h */ = {isa = PBXFileReference; fileEncoding = 4; lastKnownFileType = sourcecode.c.h; path = FactoryTableViewCell.h; sourceTree = "<group>"; };
		E7956CA41CC65BFA009E370D /* FactoryTableViewCell.m */ = {isa = PBXFileReference; fileEncoding = 4; lastKnownFileType = sourcecode.c.objc; path = FactoryTableViewCell.m; sourceTree = "<group>"; };
		E7956CA61CC65C0A009E370D /* FactoryCollectionViewCell.h */ = {isa = PBXFileReference; fileEncoding = 4; lastKnownFileType = sourcecode.c.h; path = FactoryCollectionViewCell.h; sourceTree = "<group>"; };
		E7956CA71CC65C0A009E370D /* FactoryCollectionViewCell.m */ = {isa = PBXFileReference; fileEncoding = 4; lastKnownFileType = sourcecode.c.objc; path = FactoryCollectionViewCell.m; sourceTree = "<group>"; };
		E7956CA91CC65C29009E370D /* PrefixHeader.pch */ = {isa = PBXFileReference; fileEncoding = 4; lastKnownFileType = sourcecode.c.h; path = PrefixHeader.pch; sourceTree = "<group>"; };
		E7956CAA1CC65DE0009E370D /* ConstantHeaderDefine.h */ = {isa = PBXFileReference; fileEncoding = 4; lastKnownFileType = sourcecode.c.h; path = ConstantHeaderDefine.h; sourceTree = "<group>"; };
		E7956CAB1CC65E3C009E370D /* URLHeaderDefine.h */ = {isa = PBXFileReference; lastKnownFileType = sourcecode.c.h; path = URLHeaderDefine.h; sourceTree = "<group>"; };
		E7956CAC1CC65F8B009E370D /* BaseTableViewController.h */ = {isa = PBXFileReference; fileEncoding = 4; lastKnownFileType = sourcecode.c.h; path = BaseTableViewController.h; sourceTree = "<group>"; };
		E7956CAD1CC65F8B009E370D /* BaseTableViewController.m */ = {isa = PBXFileReference; fileEncoding = 4; lastKnownFileType = sourcecode.c.objc; path = BaseTableViewController.m; sourceTree = "<group>"; };
		E7956CD71CC6608A009E370D /* SelectionViewController.h */ = {isa = PBXFileReference; fileEncoding = 4; lastKnownFileType = sourcecode.c.h; path = SelectionViewController.h; sourceTree = "<group>"; };
		E7956CD81CC6608A009E370D /* SelectionViewController.m */ = {isa = PBXFileReference; fileEncoding = 4; lastKnownFileType = sourcecode.c.objc; path = SelectionViewController.m; sourceTree = "<group>"; };
		E7956CDA1CC660AE009E370D /* TrainTableViewController.h */ = {isa = PBXFileReference; fileEncoding = 4; lastKnownFileType = sourcecode.c.h; path = TrainTableViewController.h; sourceTree = "<group>"; };
		E7956CDB1CC660AE009E370D /* TrainTableViewController.m */ = {isa = PBXFileReference; fileEncoding = 4; lastKnownFileType = sourcecode.c.objc; path = TrainTableViewController.m; sourceTree = "<group>"; };
		E7956CDD1CC661FE009E370D /* NewsViewController.h */ = {isa = PBXFileReference; fileEncoding = 4; lastKnownFileType = sourcecode.c.h; path = NewsViewController.h; sourceTree = "<group>"; };
		E7956CDE1CC661FE009E370D /* NewsViewController.m */ = {isa = PBXFileReference; fileEncoding = 4; lastKnownFileType = sourcecode.c.objc; path = NewsViewController.m; sourceTree = "<group>"; };
		E7956CE01CC6622C009E370D /* PersonCenterViewController.h */ = {isa = PBXFileReference; fileEncoding = 4; lastKnownFileType = sourcecode.c.h; path = PersonCenterViewController.h; sourceTree = "<group>"; };
		E7956CE11CC6622C009E370D /* PersonCenterViewController.m */ = {isa = PBXFileReference; fileEncoding = 4; lastKnownFileType = sourcecode.c.objc; path = PersonCenterViewController.m; sourceTree = "<group>"; };
		E7956CE31CC67FA2009E370D /* LoginViewController.h */ = {isa = PBXFileReference; fileEncoding = 4; lastKnownFileType = sourcecode.c.h; path = LoginViewController.h; sourceTree = "<group>"; };
		E7956CE41CC67FA2009E370D /* LoginViewController.m */ = {isa = PBXFileReference; fileEncoding = 4; lastKnownFileType = sourcecode.c.objc; path = LoginViewController.m; sourceTree = "<group>"; };
		E7956CE61CC68081009E370D /* LoginView.h */ = {isa = PBXFileReference; fileEncoding = 4; lastKnownFileType = sourcecode.c.h; path = LoginView.h; sourceTree = "<group>"; };
		E7956CE71CC68081009E370D /* LoginView.m */ = {isa = PBXFileReference; fileEncoding = 4; lastKnownFileType = sourcecode.c.objc; path = LoginView.m; sourceTree = "<group>"; };
		E7956CE91CC6808F009E370D /* LoginView.xib */ = {isa = PBXFileReference; fileEncoding = 4; lastKnownFileType = file.xib; path = LoginView.xib; sourceTree = "<group>"; };
/* End PBXFileReference section */

/* Begin PBXFrameworksBuildPhase section */
		E705F35F1CC6055200181248 /* Frameworks */ = {
			isa = PBXFrameworksBuildPhase;
			buildActionMask = 2147483647;
			files = (
				8144411CDF60E75E703D52C1 /* libPods.a in Frameworks */,
			);
			runOnlyForDeploymentPostprocessing = 0;
		};
		E705F3721CC6055200181248 /* Frameworks */ = {
			isa = PBXFrameworksBuildPhase;
			buildActionMask = 2147483647;
			files = (
			);
			runOnlyForDeploymentPostprocessing = 0;
		};
		E705F37D1CC6055200181248 /* Frameworks */ = {
			isa = PBXFrameworksBuildPhase;
			buildActionMask = 2147483647;
			files = (
			);
			runOnlyForDeploymentPostprocessing = 0;
		};
/* End PBXFrameworksBuildPhase section */

/* Begin PBXGroup section */
		053CE80EFCCA4C014AAE7D67 /* Pods */ = {
			isa = PBXGroup;
			children = (
				986023C158201A08A08A5CF0 /* Pods.debug.xcconfig */,
				9B85B79F545582FD6EC95782 /* Pods.release.xcconfig */,
			);
			name = Pods;
			sourceTree = "<group>";
		};
		AF91A07015F960FC997BA212 /* Frameworks */ = {
			isa = PBXGroup;
			children = (
				82F26C79C1EBDF4C151520F9 /* libPods.a */,
			);
			name = Frameworks;
			sourceTree = "<group>";
		};
		E705F3591CC6055200181248 = {
			isa = PBXGroup;
			children = (
				E705F3641CC6055200181248 /* No!Fat */,
				E705F3781CC6055200181248 /* No!FatTests */,
				E705F3831CC6055200181248 /* No!FatUITests */,
				E705F3631CC6055200181248 /* Products */,
				053CE80EFCCA4C014AAE7D67 /* Pods */,
				AF91A07015F960FC997BA212 /* Frameworks */,
			);
			sourceTree = "<group>";
		};
		E705F3631CC6055200181248 /* Products */ = {
			isa = PBXGroup;
			children = (
				E705F3621CC6055200181248 /* No!Fat.app */,
				E705F3751CC6055200181248 /* No!FatTests.xctest */,
				E705F3801CC6055200181248 /* No!FatUITests.xctest */,
			);
			name = Products;
			sourceTree = "<group>";
		};
		E705F3641CC6055200181248 /* No!Fat */ = {
			isa = PBXGroup;
			children = (
				E705F3681CC6055200181248 /* AppDelegate.h */,
				E705F3691CC6055200181248 /* AppDelegate.m */,
				E705F3921CC60A4E00181248 /* Base */,
				E705F3931CC60A4E00181248 /* CodeClass */,
				E705F3981CC60A4E00181248 /* Documents */,
				E705F3991CC60A4E00181248 /* Tools */,
				E705F36B1CC6055200181248 /* Assets.xcassets */,
				E705F36D1CC6055200181248 /* LaunchScreen.storyboard */,
				E705F3701CC6055200181248 /* Info.plist */,
				E705F3651CC6055200181248 /* Supporting Files */,
			);
			path = "No!Fat";
			sourceTree = "<group>";
		};
		E705F3651CC6055200181248 /* Supporting Files */ = {
			isa = PBXGroup;
			children = (
				E705F3661CC6055200181248 /* main.m */,
			);
			name = "Supporting Files";
			sourceTree = "<group>";
		};
		E705F3781CC6055200181248 /* No!FatTests */ = {
			isa = PBXGroup;
			children = (
				E705F3791CC6055200181248 /* No_FatTests.m */,
				E705F37B1CC6055200181248 /* Info.plist */,
			);
			path = "No!FatTests";
			sourceTree = "<group>";
		};
		E705F3831CC6055200181248 /* No!FatUITests */ = {
			isa = PBXGroup;
			children = (
				E705F3841CC6055200181248 /* No_FatUITests.m */,
				E705F3861CC6055200181248 /* Info.plist */,
			);
			path = "No!FatUITests";
			sourceTree = "<group>";
		};
		E705F3921CC60A4E00181248 /* Base */ = {
			isa = PBXGroup;
			children = (
				E705F39A1CC60A7100181248 /* BaseModel.h */,
				E705F39B1CC60A7100181248 /* BaseModel.m */,
				E7956C9A1CC65B8B009E370D /* BaseViewController.h */,
				E7956C9B1CC65B8B009E370D /* BaseViewController.m */,
				E7956CAC1CC65F8B009E370D /* BaseTableViewController.h */,
				E7956CAD1CC65F8B009E370D /* BaseTableViewController.m */,
				E7956C9D1CC65BD9009E370D /* BaseTableViewCell.h */,
				E7956C9E1CC65BD9009E370D /* BaseTableViewCell.m */,
				E7956CA01CC65BE9009E370D /* BaseCollectionViewCell.h */,
				E7956CA11CC65BE9009E370D /* BaseCollectionViewCell.m */,
				E7956CA31CC65BFA009E370D /* FactoryTableViewCell.h */,
				E7956CA41CC65BFA009E370D /* FactoryTableViewCell.m */,
				E7956CA61CC65C0A009E370D /* FactoryCollectionViewCell.h */,
				E7956CA71CC65C0A009E370D /* FactoryCollectionViewCell.m */,
			);
			name = Base;
			path = Base.lproj/Base;
			sourceTree = "<group>";
		};
		E705F3931CC60A4E00181248 /* CodeClass */ = {
			isa = PBXGroup;
			children = (
				E7956CC31CC66061009E370D /* Find */,
				E7956CC71CC66061009E370D /* LoginAndRegist */,
				E7956CCB1CC66061009E370D /* News */,
				E7956CCF1CC66061009E370D /* PersonCenter */,
				E7956CD31CC66061009E370D /* Train */,
			);
			name = CodeClass;
			path = Base.lproj/CodeClass;
			sourceTree = "<group>";
		};
		E705F3981CC60A4E00181248 /* Documents */ = {
			isa = PBXGroup;
			children = (
			);
			name = Documents;
			path = Base.lproj/Documents;
			sourceTree = "<group>";
		};
		E705F3991CC60A4E00181248 /* Tools */ = {
			isa = PBXGroup;
			children = (
				E7956CA91CC65C29009E370D /* PrefixHeader.pch */,
				E7956CAA1CC65DE0009E370D /* ConstantHeaderDefine.h */,
				E7956CAB1CC65E3C009E370D /* URLHeaderDefine.h */,
			);
			name = Tools;
			path = Base.lproj/Tools;
			sourceTree = "<group>";
		};
		E7956CC31CC66061009E370D /* Find */ = {
			isa = PBXGroup;
			children = (
				E7956CC41CC66061009E370D /* Controller */,
				E7956CC51CC66061009E370D /* Model */,
				E7956CC61CC66061009E370D /* View */,
			);
			path = Find;
			sourceTree = "<group>";
		};
		E7956CC41CC66061009E370D /* Controller */ = {
			isa = PBXGroup;
			children = (
				E7956CD71CC6608A009E370D /* SelectionViewController.h */,
				E7956CD81CC6608A009E370D /* SelectionViewController.m */,
			);
			path = Controller;
			sourceTree = "<group>";
		};
		E7956CC51CC66061009E370D /* Model */ = {
			isa = PBXGroup;
			children = (
			);
			path = Model;
			sourceTree = "<group>";
		};
		E7956CC61CC66061009E370D /* View */ = {
			isa = PBXGroup;
			children = (
			);
			path = View;
			sourceTree = "<group>";
		};
		E7956CC71CC66061009E370D /* LoginAndRegist */ = {
			isa = PBXGroup;
			children = (
				E7956CC81CC66061009E370D /* Controller */,
				E7956CC91CC66061009E370D /* Model */,
				E7956CCA1CC66061009E370D /* View */,
			);
			path = LoginAndRegist;
			sourceTree = "<group>";
		};
		E7956CC81CC66061009E370D /* Controller */ = {
			isa = PBXGroup;
			children = (
				E7956CE31CC67FA2009E370D /* LoginViewController.h */,
				E7956CE41CC67FA2009E370D /* LoginViewController.m */,
			);
			path = Controller;
			sourceTree = "<group>";
		};
		E7956CC91CC66061009E370D /* Model */ = {
			isa = PBXGroup;
			children = (
			);
			path = Model;
			sourceTree = "<group>";
		};
		E7956CCA1CC66061009E370D /* View */ = {
			isa = PBXGroup;
			children = (
				E7956CE61CC68081009E370D /* LoginView.h */,
				E7956CE71CC68081009E370D /* LoginView.m */,
				E7956CE91CC6808F009E370D /* LoginView.xib */,
			);
			path = View;
			sourceTree = "<group>";
		};
		E7956CCB1CC66061009E370D /* News */ = {
			isa = PBXGroup;
			children = (
				E7956CCC1CC66061009E370D /* Controller */,
				E7956CCD1CC66061009E370D /* Model */,
				E7956CCE1CC66061009E370D /* View */,
			);
			path = News;
			sourceTree = "<group>";
		};
		E7956CCC1CC66061009E370D /* Controller */ = {
			isa = PBXGroup;
			children = (
				E7956CDD1CC661FE009E370D /* NewsViewController.h */,
				E7956CDE1CC661FE009E370D /* NewsViewController.m */,
			);
			path = Controller;
			sourceTree = "<group>";
		};
		E7956CCD1CC66061009E370D /* Model */ = {
			isa = PBXGroup;
			children = (
			);
			path = Model;
			sourceTree = "<group>";
		};
		E7956CCE1CC66061009E370D /* View */ = {
			isa = PBXGroup;
			children = (
			);
			path = View;
			sourceTree = "<group>";
		};
		E7956CCF1CC66061009E370D /* PersonCenter */ = {
			isa = PBXGroup;
			children = (
				E7956CD01CC66061009E370D /* Controller */,
				E7956CD11CC66061009E370D /* Model */,
				E7956CD21CC66061009E370D /* View */,
			);
			path = PersonCenter;
			sourceTree = "<group>";
		};
		E7956CD01CC66061009E370D /* Controller */ = {
			isa = PBXGroup;
			children = (
				E7956CE01CC6622C009E370D /* PersonCenterViewController.h */,
				E7956CE11CC6622C009E370D /* PersonCenterViewController.m */,
			);
			path = Controller;
			sourceTree = "<group>";
		};
		E7956CD11CC66061009E370D /* Model */ = {
			isa = PBXGroup;
			children = (
			);
			path = Model;
			sourceTree = "<group>";
		};
		E7956CD21CC66061009E370D /* View */ = {
			isa = PBXGroup;
			children = (
			);
			path = View;
			sourceTree = "<group>";
		};
		E7956CD31CC66061009E370D /* Train */ = {
			isa = PBXGroup;
			children = (
				E7956CD41CC66061009E370D /* Controller */,
				E7956CD51CC66061009E370D /* Model */,
				E7956CD61CC66061009E370D /* View */,
			);
			path = Train;
			sourceTree = "<group>";
		};
		E7956CD41CC66061009E370D /* Controller */ = {
			isa = PBXGroup;
			children = (
				E7956CDA1CC660AE009E370D /* TrainTableViewController.h */,
				E7956CDB1CC660AE009E370D /* TrainTableViewController.m */,
			);
			path = Controller;
			sourceTree = "<group>";
		};
		E7956CD51CC66061009E370D /* Model */ = {
			isa = PBXGroup;
			children = (
			);
			path = Model;
			sourceTree = "<group>";
		};
		E7956CD61CC66061009E370D /* View */ = {
			isa = PBXGroup;
			children = (
			);
			path = View;
			sourceTree = "<group>";
		};
/* End PBXGroup section */

/* Begin PBXNativeTarget section */
		E705F3611CC6055200181248 /* No!Fat */ = {
			isa = PBXNativeTarget;
			buildConfigurationList = E705F3891CC6055200181248 /* Build configuration list for PBXNativeTarget "No!Fat" */;
			buildPhases = (
				622181EA1B400538554F187D /* Check Pods Manifest.lock */,
				E705F35E1CC6055200181248 /* Sources */,
				E705F35F1CC6055200181248 /* Frameworks */,
				E705F3601CC6055200181248 /* Resources */,
				7F91C958407F2D2167039B9F /* Embed Pods Frameworks */,
				68B4081A8F1061CE31BC6F27 /* Copy Pods Resources */,
			);
			buildRules = (
			);
			dependencies = (
			);
			name = "No!Fat";
			productName = "No!Fat";
			productReference = E705F3621CC6055200181248 /* No!Fat.app */;
			productType = "com.apple.product-type.application";
		};
		E705F3741CC6055200181248 /* No!FatTests */ = {
			isa = PBXNativeTarget;
			buildConfigurationList = E705F38C1CC6055200181248 /* Build configuration list for PBXNativeTarget "No!FatTests" */;
			buildPhases = (
				E705F3711CC6055200181248 /* Sources */,
				E705F3721CC6055200181248 /* Frameworks */,
				E705F3731CC6055200181248 /* Resources */,
			);
			buildRules = (
			);
			dependencies = (
				E705F3771CC6055200181248 /* PBXTargetDependency */,
			);
			name = "No!FatTests";
			productName = "No!FatTests";
			productReference = E705F3751CC6055200181248 /* No!FatTests.xctest */;
			productType = "com.apple.product-type.bundle.unit-test";
		};
		E705F37F1CC6055200181248 /* No!FatUITests */ = {
			isa = PBXNativeTarget;
			buildConfigurationList = E705F38F1CC6055200181248 /* Build configuration list for PBXNativeTarget "No!FatUITests" */;
			buildPhases = (
				E705F37C1CC6055200181248 /* Sources */,
				E705F37D1CC6055200181248 /* Frameworks */,
				E705F37E1CC6055200181248 /* Resources */,
			);
			buildRules = (
			);
			dependencies = (
				E705F3821CC6055200181248 /* PBXTargetDependency */,
			);
			name = "No!FatUITests";
			productName = "No!FatUITests";
			productReference = E705F3801CC6055200181248 /* No!FatUITests.xctest */;
			productType = "com.apple.product-type.bundle.ui-testing";
		};
/* End PBXNativeTarget section */

/* Begin PBXProject section */
		E705F35A1CC6055200181248 /* Project object */ = {
			isa = PBXProject;
			attributes = {
				LastUpgradeCheck = 0730;
				ORGANIZATIONNAME = dabao;
				TargetAttributes = {
					E705F3611CC6055200181248 = {
						CreatedOnToolsVersion = 7.3;
						DevelopmentTeam = 6K7C7GJ7AD;
					};
					E705F3741CC6055200181248 = {
						CreatedOnToolsVersion = 7.3;
						DevelopmentTeam = 6K7C7GJ7AD;
						TestTargetID = E705F3611CC6055200181248;
					};
					E705F37F1CC6055200181248 = {
						CreatedOnToolsVersion = 7.3;
						DevelopmentTeam = 6K7C7GJ7AD;
						TestTargetID = E705F3611CC6055200181248;
					};
				};
			};
			buildConfigurationList = E705F35D1CC6055200181248 /* Build configuration list for PBXProject "No!Fat" */;
			compatibilityVersion = "Xcode 3.2";
			developmentRegion = English;
			hasScannedForEncodings = 0;
			knownRegions = (
				en,
				Base,
			);
			mainGroup = E705F3591CC6055200181248;
			productRefGroup = E705F3631CC6055200181248 /* Products */;
			projectDirPath = "";
			projectRoot = "";
			targets = (
				E705F3611CC6055200181248 /* No!Fat */,
				E705F3741CC6055200181248 /* No!FatTests */,
				E705F37F1CC6055200181248 /* No!FatUITests */,
			);
		};
/* End PBXProject section */

/* Begin PBXResourcesBuildPhase section */
		E705F3601CC6055200181248 /* Resources */ = {
			isa = PBXResourcesBuildPhase;
			buildActionMask = 2147483647;
			files = (
				E705F36C1CC6055200181248 /* Assets.xcassets in Resources */,
				E705F36F1CC6055200181248 /* LaunchScreen.storyboard in Resources */,
				E7956CEA1CC6808F009E370D /* LoginView.xib in Resources */,
			);
			runOnlyForDeploymentPostprocessing = 0;
		};
		E705F3731CC6055200181248 /* Resources */ = {
			isa = PBXResourcesBuildPhase;
			buildActionMask = 2147483647;
			files = (
			);
			runOnlyForDeploymentPostprocessing = 0;
		};
		E705F37E1CC6055200181248 /* Resources */ = {
			isa = PBXResourcesBuildPhase;
			buildActionMask = 2147483647;
			files = (
			);
			runOnlyForDeploymentPostprocessing = 0;
		};
/* End PBXResourcesBuildPhase section */

/* Begin PBXShellScriptBuildPhase section */
		622181EA1B400538554F187D /* Check Pods Manifest.lock */ = {
			isa = PBXShellScriptBuildPhase;
			buildActionMask = 2147483647;
			files = (
			);
			inputPaths = (
			);
			name = "Check Pods Manifest.lock";
			outputPaths = (
			);
			runOnlyForDeploymentPostprocessing = 0;
			shellPath = /bin/sh;
			shellScript = "diff \"${PODS_ROOT}/../Podfile.lock\" \"${PODS_ROOT}/Manifest.lock\" > /dev/null\nif [[ $? != 0 ]] ; then\n    cat << EOM\nerror: The sandbox is not in sync with the Podfile.lock. Run 'pod install' or update your CocoaPods installation.\nEOM\n    exit 1\nfi\n";
			showEnvVarsInLog = 0;
		};
		68B4081A8F1061CE31BC6F27 /* Copy Pods Resources */ = {
			isa = PBXShellScriptBuildPhase;
			buildActionMask = 2147483647;
			files = (
			);
			inputPaths = (
			);
			name = "Copy Pods Resources";
			outputPaths = (
			);
			runOnlyForDeploymentPostprocessing = 0;
			shellPath = /bin/sh;
			shellScript = "\"${SRCROOT}/Pods/Target Support Files/Pods/Pods-resources.sh\"\n";
			showEnvVarsInLog = 0;
		};
		7F91C958407F2D2167039B9F /* Embed Pods Frameworks */ = {
			isa = PBXShellScriptBuildPhase;
			buildActionMask = 2147483647;
			files = (
			);
			inputPaths = (
			);
			name = "Embed Pods Frameworks";
			outputPaths = (
			);
			runOnlyForDeploymentPostprocessing = 0;
			shellPath = /bin/sh;
			shellScript = "\"${SRCROOT}/Pods/Target Support Files/Pods/Pods-frameworks.sh\"\n";
			showEnvVarsInLog = 0;
		};
/* End PBXShellScriptBuildPhase section */

/* Begin PBXSourcesBuildPhase section */
		E705F35E1CC6055200181248 /* Sources */ = {
			isa = PBXSourcesBuildPhase;
			buildActionMask = 2147483647;
			files = (
				E7956C9F1CC65BD9009E370D /* BaseTableViewCell.m in Sources */,
				E7956CAE1CC65F8B009E370D /* BaseTableViewController.m in Sources */,
				E7956CA51CC65BFA009E370D /* FactoryTableViewCell.m in Sources */,
				E7956CE81CC68081009E370D /* LoginView.m in Sources */,
				E7956CDF1CC661FE009E370D /* NewsViewController.m in Sources */,
				E7956CE51CC67FA2009E370D /* LoginViewController.m in Sources */,
				E7956CA21CC65BE9009E370D /* BaseCollectionViewCell.m in Sources */,
				E705F39C1CC60A7100181248 /* BaseModel.m in Sources */,
				E7956CDC1CC660AE009E370D /* TrainTableViewController.m in Sources */,
				E7956CD91CC6608A009E370D /* SelectionViewController.m in Sources */,
				E7956CE21CC6622C009E370D /* PersonCenterViewController.m in Sources */,
				E7956C9C1CC65B8B009E370D /* BaseViewController.m in Sources */,
				E7956CA81CC65C0A009E370D /* FactoryCollectionViewCell.m in Sources */,
				E705F36A1CC6055200181248 /* AppDelegate.m in Sources */,
				E705F3671CC6055200181248 /* main.m in Sources */,
			);
			runOnlyForDeploymentPostprocessing = 0;
		};
		E705F3711CC6055200181248 /* Sources */ = {
			isa = PBXSourcesBuildPhase;
			buildActionMask = 2147483647;
			files = (
				E705F37A1CC6055200181248 /* No_FatTests.m in Sources */,
			);
			runOnlyForDeploymentPostprocessing = 0;
		};
		E705F37C1CC6055200181248 /* Sources */ = {
			isa = PBXSourcesBuildPhase;
			buildActionMask = 2147483647;
			files = (
				E705F3851CC6055200181248 /* No_FatUITests.m in Sources */,
			);
			runOnlyForDeploymentPostprocessing = 0;
		};
/* End PBXSourcesBuildPhase section */

/* Begin PBXTargetDependency section */
		E705F3771CC6055200181248 /* PBXTargetDependency */ = {
			isa = PBXTargetDependency;
			target = E705F3611CC6055200181248 /* No!Fat */;
			targetProxy = E705F3761CC6055200181248 /* PBXContainerItemProxy */;
		};
		E705F3821CC6055200181248 /* PBXTargetDependency */ = {
			isa = PBXTargetDependency;
			target = E705F3611CC6055200181248 /* No!Fat */;
			targetProxy = E705F3811CC6055200181248 /* PBXContainerItemProxy */;
		};
/* End PBXTargetDependency section */

/* Begin PBXVariantGroup section */
		E705F36D1CC6055200181248 /* LaunchScreen.storyboard */ = {
			isa = PBXVariantGroup;
			children = (
				E705F36E1CC6055200181248 /* Base */,
			);
			name = LaunchScreen.storyboard;
			sourceTree = "<group>";
		};
/* End PBXVariantGroup section */

/* Begin XCBuildConfiguration section */
		E705F3871CC6055200181248 /* Debug */ = {
			isa = XCBuildConfiguration;
			buildSettings = {
				ALWAYS_SEARCH_USER_PATHS = NO;
				CLANG_ANALYZER_NONNULL = YES;
				CLANG_CXX_LANGUAGE_STANDARD = "gnu++0x";
				CLANG_CXX_LIBRARY = "libc++";
				CLANG_ENABLE_MODULES = YES;
				CLANG_ENABLE_OBJC_ARC = YES;
				CLANG_WARN_BOOL_CONVERSION = YES;
				CLANG_WARN_CONSTANT_CONVERSION = YES;
				CLANG_WARN_DIRECT_OBJC_ISA_USAGE = YES_ERROR;
				CLANG_WARN_EMPTY_BODY = YES;
				CLANG_WARN_ENUM_CONVERSION = YES;
				CLANG_WARN_INT_CONVERSION = YES;
				CLANG_WARN_OBJC_ROOT_CLASS = YES_ERROR;
				CLANG_WARN_UNREACHABLE_CODE = YES;
				CLANG_WARN__DUPLICATE_METHOD_MATCH = YES;
				"CODE_SIGN_IDENTITY[sdk=iphoneos*]" = "iPhone Developer";
				COPY_PHASE_STRIP = NO;
				DEBUG_INFORMATION_FORMAT = dwarf;
				ENABLE_STRICT_OBJC_MSGSEND = YES;
				ENABLE_TESTABILITY = YES;
				GCC_C_LANGUAGE_STANDARD = gnu99;
				GCC_DYNAMIC_NO_PIC = NO;
				GCC_NO_COMMON_BLOCKS = YES;
				GCC_OPTIMIZATION_LEVEL = 0;
				GCC_PREPROCESSOR_DEFINITIONS = (
					"DEBUG=1",
					"$(inherited)",
				);
				GCC_WARN_64_TO_32_BIT_CONVERSION = YES;
				GCC_WARN_ABOUT_RETURN_TYPE = YES_ERROR;
				GCC_WARN_UNDECLARED_SELECTOR = YES;
				GCC_WARN_UNINITIALIZED_AUTOS = YES_AGGRESSIVE;
				GCC_WARN_UNUSED_FUNCTION = YES;
				GCC_WARN_UNUSED_VARIABLE = YES;
				IPHONEOS_DEPLOYMENT_TARGET = 9.3;
				MTL_ENABLE_DEBUG_INFO = YES;
				ONLY_ACTIVE_ARCH = YES;
				SDKROOT = iphoneos;
			};
			name = Debug;
		};
		E705F3881CC6055200181248 /* Release */ = {
			isa = XCBuildConfiguration;
			buildSettings = {
				ALWAYS_SEARCH_USER_PATHS = NO;
				CLANG_ANALYZER_NONNULL = YES;
				CLANG_CXX_LANGUAGE_STANDARD = "gnu++0x";
				CLANG_CXX_LIBRARY = "libc++";
				CLANG_ENABLE_MODULES = YES;
				CLANG_ENABLE_OBJC_ARC = YES;
				CLANG_WARN_BOOL_CONVERSION = YES;
				CLANG_WARN_CONSTANT_CONVERSION = YES;
				CLANG_WARN_DIRECT_OBJC_ISA_USAGE = YES_ERROR;
				CLANG_WARN_EMPTY_BODY = YES;
				CLANG_WARN_ENUM_CONVERSION = YES;
				CLANG_WARN_INT_CONVERSION = YES;
				CLANG_WARN_OBJC_ROOT_CLASS = YES_ERROR;
				CLANG_WARN_UNREACHABLE_CODE = YES;
				CLANG_WARN__DUPLICATE_METHOD_MATCH = YES;
				"CODE_SIGN_IDENTITY[sdk=iphoneos*]" = "iPhone Developer";
				COPY_PHASE_STRIP = NO;
				DEBUG_INFORMATION_FORMAT = "dwarf-with-dsym";
				ENABLE_NS_ASSERTIONS = NO;
				ENABLE_STRICT_OBJC_MSGSEND = YES;
				GCC_C_LANGUAGE_STANDARD = gnu99;
				GCC_NO_COMMON_BLOCKS = YES;
				GCC_WARN_64_TO_32_BIT_CONVERSION = YES;
				GCC_WARN_ABOUT_RETURN_TYPE = YES_ERROR;
				GCC_WARN_UNDECLARED_SELECTOR = YES;
				GCC_WARN_UNINITIALIZED_AUTOS = YES_AGGRESSIVE;
				GCC_WARN_UNUSED_FUNCTION = YES;
				GCC_WARN_UNUSED_VARIABLE = YES;
				IPHONEOS_DEPLOYMENT_TARGET = 9.3;
				MTL_ENABLE_DEBUG_INFO = NO;
				SDKROOT = iphoneos;
				VALIDATE_PRODUCT = YES;
			};
			name = Release;
		};
		E705F38A1CC6055200181248 /* Debug */ = {
			isa = XCBuildConfiguration;
			baseConfigurationReference = 986023C158201A08A08A5CF0 /* Pods.debug.xcconfig */;
			buildSettings = {
				ASSETCATALOG_COMPILER_APPICON_NAME = AppIcon;
				GCC_PREFIX_HEADER = "No!Fat/Base.lproj/Tools/PrefixHeader.pch";
				INFOPLIST_FILE = "No!Fat/Info.plist";
				LD_RUNPATH_SEARCH_PATHS = "$(inherited) @executable_path/Frameworks";
				PRODUCT_BUNDLE_IDENTIFIER = "com.lanou.No-Fat";
				PRODUCT_NAME = "$(TARGET_NAME)";
			};
			name = Debug;
		};
		E705F38B1CC6055200181248 /* Release */ = {
			isa = XCBuildConfiguration;
			baseConfigurationReference = 9B85B79F545582FD6EC95782 /* Pods.release.xcconfig */;
			buildSettings = {
				ASSETCATALOG_COMPILER_APPICON_NAME = AppIcon;
				GCC_PREFIX_HEADER = "No!Fat/Base.lproj/Tools/PrefixHeader.pch";
				INFOPLIST_FILE = "No!Fat/Info.plist";
				LD_RUNPATH_SEARCH_PATHS = "$(inherited) @executable_path/Frameworks";
				PRODUCT_BUNDLE_IDENTIFIER = "com.lanou.No-Fat";
				PRODUCT_NAME = "$(TARGET_NAME)";
			};
			name = Release;
		};
		E705F38D1CC6055200181248 /* Debug */ = {
			isa = XCBuildConfiguration;
			buildSettings = {
				BUNDLE_LOADER = "$(TEST_HOST)";
				INFOPLIST_FILE = "No!FatTests/Info.plist";
				LD_RUNPATH_SEARCH_PATHS = "$(inherited) @executable_path/Frameworks @loader_path/Frameworks";
				PRODUCT_BUNDLE_IDENTIFIER = "com.lanou.No-FatTests";
				PRODUCT_NAME = "$(TARGET_NAME)";
				TEST_HOST = "$(BUILT_PRODUCTS_DIR)/No!Fat.app/No!Fat";
			};
			name = Debug;
		};
		E705F38E1CC6055200181248 /* Release */ = {
			isa = XCBuildConfiguration;
			buildSettings = {
				BUNDLE_LOADER = "$(TEST_HOST)";
				INFOPLIST_FILE = "No!FatTests/Info.plist";
				LD_RUNPATH_SEARCH_PATHS = "$(inherited) @executable_path/Frameworks @loader_path/Frameworks";
				PRODUCT_BUNDLE_IDENTIFIER = "com.lanou.No-FatTests";
				PRODUCT_NAME = "$(TARGET_NAME)";
				TEST_HOST = "$(BUILT_PRODUCTS_DIR)/No!Fat.app/No!Fat";
			};
			name = Release;
		};
		E705F3901CC6055200181248 /* Debug */ = {
			isa = XCBuildConfiguration;
			buildSettings = {
				INFOPLIST_FILE = "No!FatUITests/Info.plist";
				LD_RUNPATH_SEARCH_PATHS = "$(inherited) @executable_path/Frameworks @loader_path/Frameworks";
				PRODUCT_BUNDLE_IDENTIFIER = "com.lanou.No-FatUITests";
				PRODUCT_NAME = "$(TARGET_NAME)";
				TEST_TARGET_NAME = "No!Fat";
			};
			name = Debug;
		};
		E705F3911CC6055200181248 /* Release */ = {
			isa = XCBuildConfiguration;
			buildSettings = {
				INFOPLIST_FILE = "No!FatUITests/Info.plist";
				LD_RUNPATH_SEARCH_PATHS = "$(inherited) @executable_path/Frameworks @loader_path/Frameworks";
				PRODUCT_BUNDLE_IDENTIFIER = "com.lanou.No-FatUITests";
				PRODUCT_NAME = "$(TARGET_NAME)";
				TEST_TARGET_NAME = "No!Fat";
			};
			name = Release;
		};
/* End XCBuildConfiguration section */

/* Begin XCConfigurationList section */
		E705F35D1CC6055200181248 /* Build configuration list for PBXProject "No!Fat" */ = {
			isa = XCConfigurationList;
			buildConfigurations = (
				E705F3871CC6055200181248 /* Debug */,
				E705F3881CC6055200181248 /* Release */,
			);
			defaultConfigurationIsVisible = 0;
			defaultConfigurationName = Release;
		};
		E705F3891CC6055200181248 /* Build configuration list for PBXNativeTarget "No!Fat" */ = {
			isa = XCConfigurationList;
			buildConfigurations = (
				E705F38A1CC6055200181248 /* Debug */,
				E705F38B1CC6055200181248 /* Release */,
			);
			defaultConfigurationIsVisible = 0;
			defaultConfigurationName = Release;
		};
		E705F38C1CC6055200181248 /* Build configuration list for PBXNativeTarget "No!FatTests" */ = {
			isa = XCConfigurationList;
			buildConfigurations = (
				E705F38D1CC6055200181248 /* Debug */,
				E705F38E1CC6055200181248 /* Release */,
			);
			defaultConfigurationIsVisible = 0;
			defaultConfigurationName = Release;
		};
		E705F38F1CC6055200181248 /* Build configuration list for PBXNativeTarget "No!FatUITests" */ = {
			isa = XCConfigurationList;
			buildConfigurations = (
				E705F3901CC6055200181248 /* Debug */,
				E705F3911CC6055200181248 /* Release */,
			);
			defaultConfigurationIsVisible = 0;
			defaultConfigurationName = Release;
		};
/* End XCConfigurationList section */
	};
	rootObject = E705F35A1CC6055200181248 /* Project object */;
}
